
Microsoft Visual Studio Solution File, Format Version 12.00
# Visual Studio Version 16
VisualStudioVersion = 16.0.30309.148
MinimumVisualStudioVersion = 10.0.40219.1
Project("{790ECF16-6DB9-45D9-8F31-2CE68625CEFD}") = "Azure.ResourceManager.Resourcegraph", "src\Azure.ResourceManager.Resourcegraph.csproj", "{DF86C907-956B-44A7-B2B8-87ECE9AF2AAD}"
EndProject
Project("{790ECF16-6DB9-45D9-8F31-2CE68625CEFD}") = "Azure.ResourceManager.Resourcegraph.Tests", "tests\Azure.ResourceManager.Resourcegraph.Tests.csproj", "{589F4FB1-074E-487E-90BF-EC0F05CC822B}"
EndProject
Global
	GlobalSection(SolutionProperties) = preSolution
		HideSolutionNode = FALSE
	EndGlobalSection
	GlobalSection(ExtensibilityGlobals) = postSolution
		SolutionGuid = {A96759BD-F2F0-49D0-B729-ADA4C029F60D}
	EndGlobalSection
	GlobalSection(SolutionConfigurationPlatforms) = preSolution
		Debug|Any CPU = Debug|Any CPU
		Debug|x64 = Debug|x64
		Debug|x86 = Debug|x86
		Release|Any CPU = Release|Any CPU
		Release|x64 = Release|x64
		Release|x86 = Release|x86
	EndGlobalSection
	GlobalSection(ProjectConfigurationPlatforms) = postSolution
		{DF86C907-956B-44A7-B2B8-87ECE9AF2AAD}.Debug|Any CPU.ActiveCfg = Debug|Any CPU
		{DF86C907-956B-44A7-B2B8-87ECE9AF2AAD}.Debug|Any CPU.Build.0 = Debug|Any CPU
		{DF86C907-956B-44A7-B2B8-87ECE9AF2AAD}.Debug|x64.ActiveCfg = Debug|Any CPU
		{DF86C907-956B-44A7-B2B8-87ECE9AF2AAD}.Debug|x64.Build.0 = Debug|Any CPU
		{DF86C907-956B-44A7-B2B8-87ECE9AF2AAD}.Debug|x86.ActiveCfg = Debug|Any CPU
		{DF86C907-956B-44A7-B2B8-87ECE9AF2AAD}.Debug|x86.Build.0 = Debug|Any CPU
		{DF86C907-956B-44A7-B2B8-87ECE9AF2AAD}.Release|Any CPU.ActiveCfg = Release|Any CPU
		{DF86C907-956B-44A7-B2B8-87ECE9AF2AAD}.Release|Any CPU.Build.0 = Release|Any CPU
		{DF86C907-956B-44A7-B2B8-87ECE9AF2AAD}.Release|x64.ActiveCfg = Release|Any CPU
		{DF86C907-956B-44A7-B2B8-87ECE9AF2AAD}.Release|x64.Build.0 = Release|Any CPU
		{DF86C907-956B-44A7-B2B8-87ECE9AF2AAD}.Release|x86.ActiveCfg = Release|Any CPU
		{DF86C907-956B-44A7-B2B8-87ECE9AF2AAD}.Release|x86.Build.0 = Release|Any CPU
		{589F4FB1-074E-487E-90BF-EC0F05CC822B}.Debug|Any CPU.ActiveCfg = Debug|Any CPU
		{589F4FB1-074E-487E-90BF-EC0F05CC822B}.Debug|Any CPU.Build.0 = Debug|Any CPU
		{589F4FB1-074E-487E-90BF-EC0F05CC822B}.Debug|x64.ActiveCfg = Debug|Any CPU
		{589F4FB1-074E-487E-90BF-EC0F05CC822B}.Debug|x64.Build.0 = Debug|Any CPU
		{589F4FB1-074E-487E-90BF-EC0F05CC822B}.Debug|x86.ActiveCfg = Debug|Any CPU
		{589F4FB1-074E-487E-90BF-EC0F05CC822B}.Debug|x86.Build.0 = Debug|Any CPU
		{589F4FB1-074E-487E-90BF-EC0F05CC822B}.Release|Any CPU.ActiveCfg = Release|Any CPU
		{589F4FB1-074E-487E-90BF-EC0F05CC822B}.Release|Any CPU.Build.0 = Release|Any CPU
		{589F4FB1-074E-487E-90BF-EC0F05CC822B}.Release|x64.ActiveCfg = Release|Any CPU
		{589F4FB1-074E-487E-90BF-EC0F05CC822B}.Release|x64.Build.0 = Release|Any CPU
		{589F4FB1-074E-487E-90BF-EC0F05CC822B}.Release|x86.ActiveCfg = Release|Any CPU
		{589F4FB1-074E-487E-90BF-EC0F05CC822B}.Release|x86.Build.0 = Release|Any CPU
	EndGlobalSection
EndGlobal
