
Microsoft Visual Studio Solution File, Format Version 12.00
# Visual Studio Version 16
VisualStudioVersion = 16.0.30309.148
MinimumVisualStudioVersion = 10.0.40219.1
Project("{1EAA425F-AAF8-4171-BD05-C135C4758F1F}") = "Azure.ResourceManager.Privatedns", "src\Azure.ResourceManager.Privatedns.csproj", "{78E0D86B-5450-4A88-8B8E-685ED540CCA1}"
EndProject
Project("{1EAA425F-AAF8-4171-BD05-C135C4758F1F}") = "Azure.ResourceManager.Privatedns.Tests", "tests\Azure.ResourceManager.Privatedns.Tests.csproj", "{D93D13B5-2842-474D-BF06-388D4820D4E9}"
EndProject
Global
	GlobalSection(SolutionProperties) = preSolution
		HideSolutionNode = FALSE
	EndGlobalSection
	GlobalSection(ExtensibilityGlobals) = postSolution
		SolutionGuid = {52635B57-FB2E-4533-BD26-09DFD75EC5EF}
	EndGlobalSection
	GlobalSection(SolutionConfigurationPlatforms) = preSolution
		Debug|Any CPU = Debug|Any CPU
		Debug|x64 = Debug|x64
		Debug|x86 = Debug|x86
		Release|Any CPU = Release|Any CPU
		Release|x64 = Release|x64
		Release|x86 = Release|x86
	EndGlobalSection
	GlobalSection(ProjectConfigurationPlatforms) = postSolution
		{78E0D86B-5450-4A88-8B8E-685ED540CCA1}.Debug|Any CPU.ActiveCfg = Debug|Any CPU
		{78E0D86B-5450-4A88-8B8E-685ED540CCA1}.Debug|Any CPU.Build.0 = Debug|Any CPU
		{78E0D86B-5450-4A88-8B8E-685ED540CCA1}.Debug|x64.ActiveCfg = Debug|Any CPU
		{78E0D86B-5450-4A88-8B8E-685ED540CCA1}.Debug|x64.Build.0 = Debug|Any CPU
		{78E0D86B-5450-4A88-8B8E-685ED540CCA1}.Debug|x86.ActiveCfg = Debug|Any CPU
		{78E0D86B-5450-4A88-8B8E-685ED540CCA1}.Debug|x86.Build.0 = Debug|Any CPU
		{78E0D86B-5450-4A88-8B8E-685ED540CCA1}.Release|Any CPU.ActiveCfg = Release|Any CPU
		{78E0D86B-5450-4A88-8B8E-685ED540CCA1}.Release|Any CPU.Build.0 = Release|Any CPU
		{78E0D86B-5450-4A88-8B8E-685ED540CCA1}.Release|x64.ActiveCfg = Release|Any CPU
		{78E0D86B-5450-4A88-8B8E-685ED540CCA1}.Release|x64.Build.0 = Release|Any CPU
		{78E0D86B-5450-4A88-8B8E-685ED540CCA1}.Release|x86.ActiveCfg = Release|Any CPU
		{78E0D86B-5450-4A88-8B8E-685ED540CCA1}.Release|x86.Build.0 = Release|Any CPU
		{D93D13B5-2842-474D-BF06-388D4820D4E9}.Debug|Any CPU.ActiveCfg = Debug|Any CPU
		{D93D13B5-2842-474D-BF06-388D4820D4E9}.Debug|Any CPU.Build.0 = Debug|Any CPU
		{D93D13B5-2842-474D-BF06-388D4820D4E9}.Debug|x64.ActiveCfg = Debug|Any CPU
		{D93D13B5-2842-474D-BF06-388D4820D4E9}.Debug|x64.Build.0 = Debug|Any CPU
		{D93D13B5-2842-474D-BF06-388D4820D4E9}.Debug|x86.ActiveCfg = Debug|Any CPU
		{D93D13B5-2842-474D-BF06-388D4820D4E9}.Debug|x86.Build.0 = Debug|Any CPU
		{D93D13B5-2842-474D-BF06-388D4820D4E9}.Release|Any CPU.ActiveCfg = Release|Any CPU
		{D93D13B5-2842-474D-BF06-388D4820D4E9}.Release|Any CPU.Build.0 = Release|Any CPU
		{D93D13B5-2842-474D-BF06-388D4820D4E9}.Release|x64.ActiveCfg = Release|Any CPU
		{D93D13B5-2842-474D-BF06-388D4820D4E9}.Release|x64.Build.0 = Release|Any CPU
		{D93D13B5-2842-474D-BF06-388D4820D4E9}.Release|x86.ActiveCfg = Release|Any CPU
		{D93D13B5-2842-474D-BF06-388D4820D4E9}.Release|x86.Build.0 = Release|Any CPU
	EndGlobalSection
EndGlobal
