
Microsoft Visual Studio Solution File, Format Version 12.00
# Visual Studio Version 16
VisualStudioVersion = 16.0.30309.148
MinimumVisualStudioVersion = 10.0.40219.1
Project("{DF30AD03-DEBA-4C4F-AA6F-332C80C7F884}") = "Azure.ResourceManager.Azurestackhci", "src\Azure.ResourceManager.Azurestackhci.csproj", "{2190B70C-80BF-48E5-AB33-38BC1C67F59E}"
EndProject
Project("{DF30AD03-DEBA-4C4F-AA6F-332C80C7F884}") = "Azure.ResourceManager.Azurestackhci.Tests", "tests\Azure.ResourceManager.Azurestackhci.Tests.csproj", "{D5525A94-9C28-4436-86B6-3160D818EB48}"
EndProject
Global
	GlobalSection(SolutionProperties) = preSolution
		HideSolutionNode = FALSE
	EndGlobalSection
	GlobalSection(ExtensibilityGlobals) = postSolution
		SolutionGuid = {3A4A3511-6B50-42E1-A432-778989A6F95D}
	EndGlobalSection
	GlobalSection(SolutionConfigurationPlatforms) = preSolution
		Debug|Any CPU = Debug|Any CPU
		Debug|x64 = Debug|x64
		Debug|x86 = Debug|x86
		Release|Any CPU = Release|Any CPU
		Release|x64 = Release|x64
		Release|x86 = Release|x86
	EndGlobalSection
	GlobalSection(ProjectConfigurationPlatforms) = postSolution
		{2190B70C-80BF-48E5-AB33-38BC1C67F59E}.Debug|Any CPU.ActiveCfg = Debug|Any CPU
		{2190B70C-80BF-48E5-AB33-38BC1C67F59E}.Debug|Any CPU.Build.0 = Debug|Any CPU
		{2190B70C-80BF-48E5-AB33-38BC1C67F59E}.Debug|x64.ActiveCfg = Debug|Any CPU
		{2190B70C-80BF-48E5-AB33-38BC1C67F59E}.Debug|x64.Build.0 = Debug|Any CPU
		{2190B70C-80BF-48E5-AB33-38BC1C67F59E}.Debug|x86.ActiveCfg = Debug|Any CPU
		{2190B70C-80BF-48E5-AB33-38BC1C67F59E}.Debug|x86.Build.0 = Debug|Any CPU
		{2190B70C-80BF-48E5-AB33-38BC1C67F59E}.Release|Any CPU.ActiveCfg = Release|Any CPU
		{2190B70C-80BF-48E5-AB33-38BC1C67F59E}.Release|Any CPU.Build.0 = Release|Any CPU
		{2190B70C-80BF-48E5-AB33-38BC1C67F59E}.Release|x64.ActiveCfg = Release|Any CPU
		{2190B70C-80BF-48E5-AB33-38BC1C67F59E}.Release|x64.Build.0 = Release|Any CPU
		{2190B70C-80BF-48E5-AB33-38BC1C67F59E}.Release|x86.ActiveCfg = Release|Any CPU
		{2190B70C-80BF-48E5-AB33-38BC1C67F59E}.Release|x86.Build.0 = Release|Any CPU
		{D5525A94-9C28-4436-86B6-3160D818EB48}.Debug|Any CPU.ActiveCfg = Debug|Any CPU
		{D5525A94-9C28-4436-86B6-3160D818EB48}.Debug|Any CPU.Build.0 = Debug|Any CPU
		{D5525A94-9C28-4436-86B6-3160D818EB48}.Debug|x64.ActiveCfg = Debug|Any CPU
		{D5525A94-9C28-4436-86B6-3160D818EB48}.Debug|x64.Build.0 = Debug|Any CPU
		{D5525A94-9C28-4436-86B6-3160D818EB48}.Debug|x86.ActiveCfg = Debug|Any CPU
		{D5525A94-9C28-4436-86B6-3160D818EB48}.Debug|x86.Build.0 = Debug|Any CPU
		{D5525A94-9C28-4436-86B6-3160D818EB48}.Release|Any CPU.ActiveCfg = Release|Any CPU
		{D5525A94-9C28-4436-86B6-3160D818EB48}.Release|Any CPU.Build.0 = Release|Any CPU
		{D5525A94-9C28-4436-86B6-3160D818EB48}.Release|x64.ActiveCfg = Release|Any CPU
		{D5525A94-9C28-4436-86B6-3160D818EB48}.Release|x64.Build.0 = Release|Any CPU
		{D5525A94-9C28-4436-86B6-3160D818EB48}.Release|x86.ActiveCfg = Release|Any CPU
		{D5525A94-9C28-4436-86B6-3160D818EB48}.Release|x86.Build.0 = Release|Any CPU
	EndGlobalSection
EndGlobal
