
Microsoft Visual Studio Solution File, Format Version 12.00
# Visual Studio Version 16
VisualStudioVersion = 16.0.30309.148
MinimumVisualStudioVersion = 10.0.40219.1
Project("{DB65007B-E39F-4C9E-8686-8B781FE6455C}") = "Azure.ResourceManager.Deviceprovisioningservices", "src\Azure.ResourceManager.Deviceprovisioningservices.csproj", "{4E4958D0-D138-46CB-ACC8-053AA56B9F4B}"
EndProject
Project("{DB65007B-E39F-4C9E-8686-8B781FE6455C}") = "Azure.ResourceManager.Deviceprovisioningservices.Tests", "tests\Azure.ResourceManager.Deviceprovisioningservices.Tests.csproj", "{779C758D-9CD8-46FE-9990-702A5DF6BABC}"
EndProject
Global
	GlobalSection(SolutionProperties) = preSolution
		HideSolutionNode = FALSE
	EndGlobalSection
	GlobalSection(ExtensibilityGlobals) = postSolution
		SolutionGuid = {2A33CEE6-D551-49E8-B8FC-9AD8A3DF2E65}
	EndGlobalSection
	GlobalSection(SolutionConfigurationPlatforms) = preSolution
		Debug|Any CPU = Debug|Any CPU
		Debug|x64 = Debug|x64
		Debug|x86 = Debug|x86
		Release|Any CPU = Release|Any CPU
		Release|x64 = Release|x64
		Release|x86 = Release|x86
	EndGlobalSection
	GlobalSection(ProjectConfigurationPlatforms) = postSolution
		{4E4958D0-D138-46CB-ACC8-053AA56B9F4B}.Debug|Any CPU.ActiveCfg = Debug|Any CPU
		{4E4958D0-D138-46CB-ACC8-053AA56B9F4B}.Debug|Any CPU.Build.0 = Debug|Any CPU
		{4E4958D0-D138-46CB-ACC8-053AA56B9F4B}.Debug|x64.ActiveCfg = Debug|Any CPU
		{4E4958D0-D138-46CB-ACC8-053AA56B9F4B}.Debug|x64.Build.0 = Debug|Any CPU
		{4E4958D0-D138-46CB-ACC8-053AA56B9F4B}.Debug|x86.ActiveCfg = Debug|Any CPU
		{4E4958D0-D138-46CB-ACC8-053AA56B9F4B}.Debug|x86.Build.0 = Debug|Any CPU
		{4E4958D0-D138-46CB-ACC8-053AA56B9F4B}.Release|Any CPU.ActiveCfg = Release|Any CPU
		{4E4958D0-D138-46CB-ACC8-053AA56B9F4B}.Release|Any CPU.Build.0 = Release|Any CPU
		{4E4958D0-D138-46CB-ACC8-053AA56B9F4B}.Release|x64.ActiveCfg = Release|Any CPU
		{4E4958D0-D138-46CB-ACC8-053AA56B9F4B}.Release|x64.Build.0 = Release|Any CPU
		{4E4958D0-D138-46CB-ACC8-053AA56B9F4B}.Release|x86.ActiveCfg = Release|Any CPU
		{4E4958D0-D138-46CB-ACC8-053AA56B9F4B}.Release|x86.Build.0 = Release|Any CPU
		{779C758D-9CD8-46FE-9990-702A5DF6BABC}.Debug|Any CPU.ActiveCfg = Debug|Any CPU
		{779C758D-9CD8-46FE-9990-702A5DF6BABC}.Debug|Any CPU.Build.0 = Debug|Any CPU
		{779C758D-9CD8-46FE-9990-702A5DF6BABC}.Debug|x64.ActiveCfg = Debug|Any CPU
		{779C758D-9CD8-46FE-9990-702A5DF6BABC}.Debug|x64.Build.0 = Debug|Any CPU
		{779C758D-9CD8-46FE-9990-702A5DF6BABC}.Debug|x86.ActiveCfg = Debug|Any CPU
		{779C758D-9CD8-46FE-9990-702A5DF6BABC}.Debug|x86.Build.0 = Debug|Any CPU
		{779C758D-9CD8-46FE-9990-702A5DF6BABC}.Release|Any CPU.ActiveCfg = Release|Any CPU
		{779C758D-9CD8-46FE-9990-702A5DF6BABC}.Release|Any CPU.Build.0 = Release|Any CPU
		{779C758D-9CD8-46FE-9990-702A5DF6BABC}.Release|x64.ActiveCfg = Release|Any CPU
		{779C758D-9CD8-46FE-9990-702A5DF6BABC}.Release|x64.Build.0 = Release|Any CPU
		{779C758D-9CD8-46FE-9990-702A5DF6BABC}.Release|x86.ActiveCfg = Release|Any CPU
		{779C758D-9CD8-46FE-9990-702A5DF6BABC}.Release|x86.Build.0 = Release|Any CPU
	EndGlobalSection
EndGlobal
