
Microsoft Visual Studio Solution File, Format Version 12.00
# Visual Studio Version 16
VisualStudioVersion = 16.0.30309.148
MinimumVisualStudioVersion = 10.0.40219.1
Project("{4AB5A5E7-8176-41D9-B4CB-188595688103}") = "Azure.ResourceManager.Storsimple8000series", "src\Azure.ResourceManager.Storsimple8000series.csproj", "{59132754-225A-4936-B21C-6F3EF759CE8D}"
EndProject
Project("{4AB5A5E7-8176-41D9-B4CB-188595688103}") = "Azure.ResourceManager.Storsimple8000series.Tests", "tests\Azure.ResourceManager.Storsimple8000series.Tests.csproj", "{8B4D195E-02FD-4858-9BEE-8AD6269DBC2D}"
EndProject
Global
	GlobalSection(SolutionProperties) = preSolution
		HideSolutionNode = FALSE
	EndGlobalSection
	GlobalSection(ExtensibilityGlobals) = postSolution
		SolutionGuid = {E6BB69AE-1FD9-41B3-AC53-EB9E643C8D76}
	EndGlobalSection
	GlobalSection(SolutionConfigurationPlatforms) = preSolution
		Debug|Any CPU = Debug|Any CPU
		Debug|x64 = Debug|x64
		Debug|x86 = Debug|x86
		Release|Any CPU = Release|Any CPU
		Release|x64 = Release|x64
		Release|x86 = Release|x86
	EndGlobalSection
	GlobalSection(ProjectConfigurationPlatforms) = postSolution
		{59132754-225A-4936-B21C-6F3EF759CE8D}.Debug|Any CPU.ActiveCfg = Debug|Any CPU
		{59132754-225A-4936-B21C-6F3EF759CE8D}.Debug|Any CPU.Build.0 = Debug|Any CPU
		{59132754-225A-4936-B21C-6F3EF759CE8D}.Debug|x64.ActiveCfg = Debug|Any CPU
		{59132754-225A-4936-B21C-6F3EF759CE8D}.Debug|x64.Build.0 = Debug|Any CPU
		{59132754-225A-4936-B21C-6F3EF759CE8D}.Debug|x86.ActiveCfg = Debug|Any CPU
		{59132754-225A-4936-B21C-6F3EF759CE8D}.Debug|x86.Build.0 = Debug|Any CPU
		{59132754-225A-4936-B21C-6F3EF759CE8D}.Release|Any CPU.ActiveCfg = Release|Any CPU
		{59132754-225A-4936-B21C-6F3EF759CE8D}.Release|Any CPU.Build.0 = Release|Any CPU
		{59132754-225A-4936-B21C-6F3EF759CE8D}.Release|x64.ActiveCfg = Release|Any CPU
		{59132754-225A-4936-B21C-6F3EF759CE8D}.Release|x64.Build.0 = Release|Any CPU
		{59132754-225A-4936-B21C-6F3EF759CE8D}.Release|x86.ActiveCfg = Release|Any CPU
		{59132754-225A-4936-B21C-6F3EF759CE8D}.Release|x86.Build.0 = Release|Any CPU
		{8B4D195E-02FD-4858-9BEE-8AD6269DBC2D}.Debug|Any CPU.ActiveCfg = Debug|Any CPU
		{8B4D195E-02FD-4858-9BEE-8AD6269DBC2D}.Debug|Any CPU.Build.0 = Debug|Any CPU
		{8B4D195E-02FD-4858-9BEE-8AD6269DBC2D}.Debug|x64.ActiveCfg = Debug|Any CPU
		{8B4D195E-02FD-4858-9BEE-8AD6269DBC2D}.Debug|x64.Build.0 = Debug|Any CPU
		{8B4D195E-02FD-4858-9BEE-8AD6269DBC2D}.Debug|x86.ActiveCfg = Debug|Any CPU
		{8B4D195E-02FD-4858-9BEE-8AD6269DBC2D}.Debug|x86.Build.0 = Debug|Any CPU
		{8B4D195E-02FD-4858-9BEE-8AD6269DBC2D}.Release|Any CPU.ActiveCfg = Release|Any CPU
		{8B4D195E-02FD-4858-9BEE-8AD6269DBC2D}.Release|Any CPU.Build.0 = Release|Any CPU
		{8B4D195E-02FD-4858-9BEE-8AD6269DBC2D}.Release|x64.ActiveCfg = Release|Any CPU
		{8B4D195E-02FD-4858-9BEE-8AD6269DBC2D}.Release|x64.Build.0 = Release|Any CPU
		{8B4D195E-02FD-4858-9BEE-8AD6269DBC2D}.Release|x86.ActiveCfg = Release|Any CPU
		{8B4D195E-02FD-4858-9BEE-8AD6269DBC2D}.Release|x86.Build.0 = Release|Any CPU
	EndGlobalSection
EndGlobal
