
Microsoft Visual Studio Solution File, Format Version 12.00
# Visual Studio Version 16
VisualStudioVersion = 16.0.30309.148
MinimumVisualStudioVersion = 10.0.40219.1
Project("{6B60AF0A-C16B-4395-8B73-F52B053CB427}") = "Azure.ResourceManager.Trafficmanager", "src\Azure.ResourceManager.Trafficmanager.csproj", "{B9B12357-9B56-4EEB-9FF4-E92A681FD4F0}"
EndProject
Project("{6B60AF0A-C16B-4395-8B73-F52B053CB427}") = "Azure.ResourceManager.Trafficmanager.Tests", "tests\Azure.ResourceManager.Trafficmanager.Tests.csproj", "{10A19043-553B-46A6-8551-BA6A57CB4070}"
EndProject
Global
	GlobalSection(SolutionProperties) = preSolution
		HideSolutionNode = FALSE
	EndGlobalSection
	GlobalSection(ExtensibilityGlobals) = postSolution
		SolutionGuid = {0D502BA8-1A7F-44AA-81A9-108B94D7D855}
	EndGlobalSection
	GlobalSection(SolutionConfigurationPlatforms) = preSolution
		Debug|Any CPU = Debug|Any CPU
		Debug|x64 = Debug|x64
		Debug|x86 = Debug|x86
		Release|Any CPU = Release|Any CPU
		Release|x64 = Release|x64
		Release|x86 = Release|x86
	EndGlobalSection
	GlobalSection(ProjectConfigurationPlatforms) = postSolution
		{B9B12357-9B56-4EEB-9FF4-E92A681FD4F0}.Debug|Any CPU.ActiveCfg = Debug|Any CPU
		{B9B12357-9B56-4EEB-9FF4-E92A681FD4F0}.Debug|Any CPU.Build.0 = Debug|Any CPU
		{B9B12357-9B56-4EEB-9FF4-E92A681FD4F0}.Debug|x64.ActiveCfg = Debug|Any CPU
		{B9B12357-9B56-4EEB-9FF4-E92A681FD4F0}.Debug|x64.Build.0 = Debug|Any CPU
		{B9B12357-9B56-4EEB-9FF4-E92A681FD4F0}.Debug|x86.ActiveCfg = Debug|Any CPU
		{B9B12357-9B56-4EEB-9FF4-E92A681FD4F0}.Debug|x86.Build.0 = Debug|Any CPU
		{B9B12357-9B56-4EEB-9FF4-E92A681FD4F0}.Release|Any CPU.ActiveCfg = Release|Any CPU
		{B9B12357-9B56-4EEB-9FF4-E92A681FD4F0}.Release|Any CPU.Build.0 = Release|Any CPU
		{B9B12357-9B56-4EEB-9FF4-E92A681FD4F0}.Release|x64.ActiveCfg = Release|Any CPU
		{B9B12357-9B56-4EEB-9FF4-E92A681FD4F0}.Release|x64.Build.0 = Release|Any CPU
		{B9B12357-9B56-4EEB-9FF4-E92A681FD4F0}.Release|x86.ActiveCfg = Release|Any CPU
		{B9B12357-9B56-4EEB-9FF4-E92A681FD4F0}.Release|x86.Build.0 = Release|Any CPU
		{10A19043-553B-46A6-8551-BA6A57CB4070}.Debug|Any CPU.ActiveCfg = Debug|Any CPU
		{10A19043-553B-46A6-8551-BA6A57CB4070}.Debug|Any CPU.Build.0 = Debug|Any CPU
		{10A19043-553B-46A6-8551-BA6A57CB4070}.Debug|x64.ActiveCfg = Debug|Any CPU
		{10A19043-553B-46A6-8551-BA6A57CB4070}.Debug|x64.Build.0 = Debug|Any CPU
		{10A19043-553B-46A6-8551-BA6A57CB4070}.Debug|x86.ActiveCfg = Debug|Any CPU
		{10A19043-553B-46A6-8551-BA6A57CB4070}.Debug|x86.Build.0 = Debug|Any CPU
		{10A19043-553B-46A6-8551-BA6A57CB4070}.Release|Any CPU.ActiveCfg = Release|Any CPU
		{10A19043-553B-46A6-8551-BA6A57CB4070}.Release|Any CPU.Build.0 = Release|Any CPU
		{10A19043-553B-46A6-8551-BA6A57CB4070}.Release|x64.ActiveCfg = Release|Any CPU
		{10A19043-553B-46A6-8551-BA6A57CB4070}.Release|x64.Build.0 = Release|Any CPU
		{10A19043-553B-46A6-8551-BA6A57CB4070}.Release|x86.ActiveCfg = Release|Any CPU
		{10A19043-553B-46A6-8551-BA6A57CB4070}.Release|x86.Build.0 = Release|Any CPU
	EndGlobalSection
EndGlobal
