
Microsoft Visual Studio Solution File, Format Version 12.00
# Visual Studio Version 16
VisualStudioVersion = 16.0.30309.148
MinimumVisualStudioVersion = 10.0.40219.1
Project("{EAF2F880-2259-4839-A586-38B8DC10BEF1}") = "Azure.ResourceManager.Workloadmonitor", "src\Azure.ResourceManager.Workloadmonitor.csproj", "{B4348330-3EF7-4DFF-B319-1889991A14EE}"
EndProject
Project("{EAF2F880-2259-4839-A586-38B8DC10BEF1}") = "Azure.ResourceManager.Workloadmonitor.Tests", "tests\Azure.ResourceManager.Workloadmonitor.Tests.csproj", "{B2DAFB5D-8205-42CC-87CB-DA03151B4550}"
EndProject
Global
	GlobalSection(SolutionProperties) = preSolution
		HideSolutionNode = FALSE
	EndGlobalSection
	GlobalSection(ExtensibilityGlobals) = postSolution
		SolutionGuid = {25795A6F-39C7-4982-A27E-A983D0530790}
	EndGlobalSection
	GlobalSection(SolutionConfigurationPlatforms) = preSolution
		Debug|Any CPU = Debug|Any CPU
		Debug|x64 = Debug|x64
		Debug|x86 = Debug|x86
		Release|Any CPU = Release|Any CPU
		Release|x64 = Release|x64
		Release|x86 = Release|x86
	EndGlobalSection
	GlobalSection(ProjectConfigurationPlatforms) = postSolution
		{B4348330-3EF7-4DFF-B319-1889991A14EE}.Debug|Any CPU.ActiveCfg = Debug|Any CPU
		{B4348330-3EF7-4DFF-B319-1889991A14EE}.Debug|Any CPU.Build.0 = Debug|Any CPU
		{B4348330-3EF7-4DFF-B319-1889991A14EE}.Debug|x64.ActiveCfg = Debug|Any CPU
		{B4348330-3EF7-4DFF-B319-1889991A14EE}.Debug|x64.Build.0 = Debug|Any CPU
		{B4348330-3EF7-4DFF-B319-1889991A14EE}.Debug|x86.ActiveCfg = Debug|Any CPU
		{B4348330-3EF7-4DFF-B319-1889991A14EE}.Debug|x86.Build.0 = Debug|Any CPU
		{B4348330-3EF7-4DFF-B319-1889991A14EE}.Release|Any CPU.ActiveCfg = Release|Any CPU
		{B4348330-3EF7-4DFF-B319-1889991A14EE}.Release|Any CPU.Build.0 = Release|Any CPU
		{B4348330-3EF7-4DFF-B319-1889991A14EE}.Release|x64.ActiveCfg = Release|Any CPU
		{B4348330-3EF7-4DFF-B319-1889991A14EE}.Release|x64.Build.0 = Release|Any CPU
		{B4348330-3EF7-4DFF-B319-1889991A14EE}.Release|x86.ActiveCfg = Release|Any CPU
		{B4348330-3EF7-4DFF-B319-1889991A14EE}.Release|x86.Build.0 = Release|Any CPU
		{B2DAFB5D-8205-42CC-87CB-DA03151B4550}.Debug|Any CPU.ActiveCfg = Debug|Any CPU
		{B2DAFB5D-8205-42CC-87CB-DA03151B4550}.Debug|Any CPU.Build.0 = Debug|Any CPU
		{B2DAFB5D-8205-42CC-87CB-DA03151B4550}.Debug|x64.ActiveCfg = Debug|Any CPU
		{B2DAFB5D-8205-42CC-87CB-DA03151B4550}.Debug|x64.Build.0 = Debug|Any CPU
		{B2DAFB5D-8205-42CC-87CB-DA03151B4550}.Debug|x86.ActiveCfg = Debug|Any CPU
		{B2DAFB5D-8205-42CC-87CB-DA03151B4550}.Debug|x86.Build.0 = Debug|Any CPU
		{B2DAFB5D-8205-42CC-87CB-DA03151B4550}.Release|Any CPU.ActiveCfg = Release|Any CPU
		{B2DAFB5D-8205-42CC-87CB-DA03151B4550}.Release|Any CPU.Build.0 = Release|Any CPU
		{B2DAFB5D-8205-42CC-87CB-DA03151B4550}.Release|x64.ActiveCfg = Release|Any CPU
		{B2DAFB5D-8205-42CC-87CB-DA03151B4550}.Release|x64.Build.0 = Release|Any CPU
		{B2DAFB5D-8205-42CC-87CB-DA03151B4550}.Release|x86.ActiveCfg = Release|Any CPU
		{B2DAFB5D-8205-42CC-87CB-DA03151B4550}.Release|x86.Build.0 = Release|Any CPU
	EndGlobalSection
EndGlobal
