
Microsoft Visual Studio Solution File, Format Version 12.00
# Visual Studio Version 16
VisualStudioVersion = 16.0.30309.148
MinimumVisualStudioVersion = 10.0.40219.1
Project("{C40F437A-995A-4158-841F-8FE197C4F501}") = "Azure.ResourceManager.Securityinsights", "src\Azure.ResourceManager.Securityinsights.csproj", "{028859A4-C5AE-48DB-8A05-F954FF44B9CA}"
EndProject
Project("{C40F437A-995A-4158-841F-8FE197C4F501}") = "Azure.ResourceManager.Securityinsights.Tests", "tests\Azure.ResourceManager.Securityinsights.Tests.csproj", "{99E4D11C-A41D-424F-B6F3-F8FAA7E6DD36}"
EndProject
Global
	GlobalSection(SolutionProperties) = preSolution
		HideSolutionNode = FALSE
	EndGlobalSection
	GlobalSection(ExtensibilityGlobals) = postSolution
		SolutionGuid = {A5F5A3AD-F0A6-47D7-A9E9-EF9027D14A64}
	EndGlobalSection
	GlobalSection(SolutionConfigurationPlatforms) = preSolution
		Debug|Any CPU = Debug|Any CPU
		Debug|x64 = Debug|x64
		Debug|x86 = Debug|x86
		Release|Any CPU = Release|Any CPU
		Release|x64 = Release|x64
		Release|x86 = Release|x86
	EndGlobalSection
	GlobalSection(ProjectConfigurationPlatforms) = postSolution
		{028859A4-C5AE-48DB-8A05-F954FF44B9CA}.Debug|Any CPU.ActiveCfg = Debug|Any CPU
		{028859A4-C5AE-48DB-8A05-F954FF44B9CA}.Debug|Any CPU.Build.0 = Debug|Any CPU
		{028859A4-C5AE-48DB-8A05-F954FF44B9CA}.Debug|x64.ActiveCfg = Debug|Any CPU
		{028859A4-C5AE-48DB-8A05-F954FF44B9CA}.Debug|x64.Build.0 = Debug|Any CPU
		{028859A4-C5AE-48DB-8A05-F954FF44B9CA}.Debug|x86.ActiveCfg = Debug|Any CPU
		{028859A4-C5AE-48DB-8A05-F954FF44B9CA}.Debug|x86.Build.0 = Debug|Any CPU
		{028859A4-C5AE-48DB-8A05-F954FF44B9CA}.Release|Any CPU.ActiveCfg = Release|Any CPU
		{028859A4-C5AE-48DB-8A05-F954FF44B9CA}.Release|Any CPU.Build.0 = Release|Any CPU
		{028859A4-C5AE-48DB-8A05-F954FF44B9CA}.Release|x64.ActiveCfg = Release|Any CPU
		{028859A4-C5AE-48DB-8A05-F954FF44B9CA}.Release|x64.Build.0 = Release|Any CPU
		{028859A4-C5AE-48DB-8A05-F954FF44B9CA}.Release|x86.ActiveCfg = Release|Any CPU
		{028859A4-C5AE-48DB-8A05-F954FF44B9CA}.Release|x86.Build.0 = Release|Any CPU
		{99E4D11C-A41D-424F-B6F3-F8FAA7E6DD36}.Debug|Any CPU.ActiveCfg = Debug|Any CPU
		{99E4D11C-A41D-424F-B6F3-F8FAA7E6DD36}.Debug|Any CPU.Build.0 = Debug|Any CPU
		{99E4D11C-A41D-424F-B6F3-F8FAA7E6DD36}.Debug|x64.ActiveCfg = Debug|Any CPU
		{99E4D11C-A41D-424F-B6F3-F8FAA7E6DD36}.Debug|x64.Build.0 = Debug|Any CPU
		{99E4D11C-A41D-424F-B6F3-F8FAA7E6DD36}.Debug|x86.ActiveCfg = Debug|Any CPU
		{99E4D11C-A41D-424F-B6F3-F8FAA7E6DD36}.Debug|x86.Build.0 = Debug|Any CPU
		{99E4D11C-A41D-424F-B6F3-F8FAA7E6DD36}.Release|Any CPU.ActiveCfg = Release|Any CPU
		{99E4D11C-A41D-424F-B6F3-F8FAA7E6DD36}.Release|Any CPU.Build.0 = Release|Any CPU
		{99E4D11C-A41D-424F-B6F3-F8FAA7E6DD36}.Release|x64.ActiveCfg = Release|Any CPU
		{99E4D11C-A41D-424F-B6F3-F8FAA7E6DD36}.Release|x64.Build.0 = Release|Any CPU
		{99E4D11C-A41D-424F-B6F3-F8FAA7E6DD36}.Release|x86.ActiveCfg = Release|Any CPU
		{99E4D11C-A41D-424F-B6F3-F8FAA7E6DD36}.Release|x86.Build.0 = Release|Any CPU
	EndGlobalSection
EndGlobal
