
Microsoft Visual Studio Solution File, Format Version 12.00
# Visual Studio Version 16
VisualStudioVersion = 16.0.30309.148
MinimumVisualStudioVersion = 10.0.40219.1
Project("{279C6500-8E6F-4C51-87DB-1332EA6619E7}") = "Azure.ResourceManager.Netapp", "src\Azure.ResourceManager.Netapp.csproj", "{6C2DB20E-10B3-4A3B-8CDC-B4942BA0516E}"
EndProject
Project("{279C6500-8E6F-4C51-87DB-1332EA6619E7}") = "Azure.ResourceManager.Netapp.Tests", "tests\Azure.ResourceManager.Netapp.Tests.csproj", "{C16955A9-FEB3-440B-868D-44FBDB1C3934}"
EndProject
Global
	GlobalSection(SolutionProperties) = preSolution
		HideSolutionNode = FALSE
	EndGlobalSection
	GlobalSection(ExtensibilityGlobals) = postSolution
		SolutionGuid = {CD22F5E7-756A-4928-9063-3F3DF9705AE4}
	EndGlobalSection
	GlobalSection(SolutionConfigurationPlatforms) = preSolution
		Debug|Any CPU = Debug|Any CPU
		Debug|x64 = Debug|x64
		Debug|x86 = Debug|x86
		Release|Any CPU = Release|Any CPU
		Release|x64 = Release|x64
		Release|x86 = Release|x86
	EndGlobalSection
	GlobalSection(ProjectConfigurationPlatforms) = postSolution
		{6C2DB20E-10B3-4A3B-8CDC-B4942BA0516E}.Debug|Any CPU.ActiveCfg = Debug|Any CPU
		{6C2DB20E-10B3-4A3B-8CDC-B4942BA0516E}.Debug|Any CPU.Build.0 = Debug|Any CPU
		{6C2DB20E-10B3-4A3B-8CDC-B4942BA0516E}.Debug|x64.ActiveCfg = Debug|Any CPU
		{6C2DB20E-10B3-4A3B-8CDC-B4942BA0516E}.Debug|x64.Build.0 = Debug|Any CPU
		{6C2DB20E-10B3-4A3B-8CDC-B4942BA0516E}.Debug|x86.ActiveCfg = Debug|Any CPU
		{6C2DB20E-10B3-4A3B-8CDC-B4942BA0516E}.Debug|x86.Build.0 = Debug|Any CPU
		{6C2DB20E-10B3-4A3B-8CDC-B4942BA0516E}.Release|Any CPU.ActiveCfg = Release|Any CPU
		{6C2DB20E-10B3-4A3B-8CDC-B4942BA0516E}.Release|Any CPU.Build.0 = Release|Any CPU
		{6C2DB20E-10B3-4A3B-8CDC-B4942BA0516E}.Release|x64.ActiveCfg = Release|Any CPU
		{6C2DB20E-10B3-4A3B-8CDC-B4942BA0516E}.Release|x64.Build.0 = Release|Any CPU
		{6C2DB20E-10B3-4A3B-8CDC-B4942BA0516E}.Release|x86.ActiveCfg = Release|Any CPU
		{6C2DB20E-10B3-4A3B-8CDC-B4942BA0516E}.Release|x86.Build.0 = Release|Any CPU
		{C16955A9-FEB3-440B-868D-44FBDB1C3934}.Debug|Any CPU.ActiveCfg = Debug|Any CPU
		{C16955A9-FEB3-440B-868D-44FBDB1C3934}.Debug|Any CPU.Build.0 = Debug|Any CPU
		{C16955A9-FEB3-440B-868D-44FBDB1C3934}.Debug|x64.ActiveCfg = Debug|Any CPU
		{C16955A9-FEB3-440B-868D-44FBDB1C3934}.Debug|x64.Build.0 = Debug|Any CPU
		{C16955A9-FEB3-440B-868D-44FBDB1C3934}.Debug|x86.ActiveCfg = Debug|Any CPU
		{C16955A9-FEB3-440B-868D-44FBDB1C3934}.Debug|x86.Build.0 = Debug|Any CPU
		{C16955A9-FEB3-440B-868D-44FBDB1C3934}.Release|Any CPU.ActiveCfg = Release|Any CPU
		{C16955A9-FEB3-440B-868D-44FBDB1C3934}.Release|Any CPU.Build.0 = Release|Any CPU
		{C16955A9-FEB3-440B-868D-44FBDB1C3934}.Release|x64.ActiveCfg = Release|Any CPU
		{C16955A9-FEB3-440B-868D-44FBDB1C3934}.Release|x64.Build.0 = Release|Any CPU
		{C16955A9-FEB3-440B-868D-44FBDB1C3934}.Release|x86.ActiveCfg = Release|Any CPU
		{C16955A9-FEB3-440B-868D-44FBDB1C3934}.Release|x86.Build.0 = Release|Any CPU
	EndGlobalSection
EndGlobal
