
Microsoft Visual Studio Solution File, Format Version 12.00
# Visual Studio Version 16
VisualStudioVersion = 16.0.30309.148
MinimumVisualStudioVersion = 10.0.40219.1
Project("{71491F8D-8E43-40AE-94E3-F2E3278F352F}") = "Azure.ResourceManager.Powerbidedicated", "src\Azure.ResourceManager.Powerbidedicated.csproj", "{0CC7E750-C644-4B3D-810C-8317256959A2}"
EndProject
Project("{71491F8D-8E43-40AE-94E3-F2E3278F352F}") = "Azure.ResourceManager.Powerbidedicated.Tests", "tests\Azure.ResourceManager.Powerbidedicated.Tests.csproj", "{795F9C45-4A65-4A33-A697-1E63F0EE8991}"
EndProject
Global
	GlobalSection(SolutionProperties) = preSolution
		HideSolutionNode = FALSE
	EndGlobalSection
	GlobalSection(ExtensibilityGlobals) = postSolution
		SolutionGuid = {BF57D35E-B3F1-4732-AEED-5B4152744762}
	EndGlobalSection
	GlobalSection(SolutionConfigurationPlatforms) = preSolution
		Debug|Any CPU = Debug|Any CPU
		Debug|x64 = Debug|x64
		Debug|x86 = Debug|x86
		Release|Any CPU = Release|Any CPU
		Release|x64 = Release|x64
		Release|x86 = Release|x86
	EndGlobalSection
	GlobalSection(ProjectConfigurationPlatforms) = postSolution
		{0CC7E750-C644-4B3D-810C-8317256959A2}.Debug|Any CPU.ActiveCfg = Debug|Any CPU
		{0CC7E750-C644-4B3D-810C-8317256959A2}.Debug|Any CPU.Build.0 = Debug|Any CPU
		{0CC7E750-C644-4B3D-810C-8317256959A2}.Debug|x64.ActiveCfg = Debug|Any CPU
		{0CC7E750-C644-4B3D-810C-8317256959A2}.Debug|x64.Build.0 = Debug|Any CPU
		{0CC7E750-C644-4B3D-810C-8317256959A2}.Debug|x86.ActiveCfg = Debug|Any CPU
		{0CC7E750-C644-4B3D-810C-8317256959A2}.Debug|x86.Build.0 = Debug|Any CPU
		{0CC7E750-C644-4B3D-810C-8317256959A2}.Release|Any CPU.ActiveCfg = Release|Any CPU
		{0CC7E750-C644-4B3D-810C-8317256959A2}.Release|Any CPU.Build.0 = Release|Any CPU
		{0CC7E750-C644-4B3D-810C-8317256959A2}.Release|x64.ActiveCfg = Release|Any CPU
		{0CC7E750-C644-4B3D-810C-8317256959A2}.Release|x64.Build.0 = Release|Any CPU
		{0CC7E750-C644-4B3D-810C-8317256959A2}.Release|x86.ActiveCfg = Release|Any CPU
		{0CC7E750-C644-4B3D-810C-8317256959A2}.Release|x86.Build.0 = Release|Any CPU
		{795F9C45-4A65-4A33-A697-1E63F0EE8991}.Debug|Any CPU.ActiveCfg = Debug|Any CPU
		{795F9C45-4A65-4A33-A697-1E63F0EE8991}.Debug|Any CPU.Build.0 = Debug|Any CPU
		{795F9C45-4A65-4A33-A697-1E63F0EE8991}.Debug|x64.ActiveCfg = Debug|Any CPU
		{795F9C45-4A65-4A33-A697-1E63F0EE8991}.Debug|x64.Build.0 = Debug|Any CPU
		{795F9C45-4A65-4A33-A697-1E63F0EE8991}.Debug|x86.ActiveCfg = Debug|Any CPU
		{795F9C45-4A65-4A33-A697-1E63F0EE8991}.Debug|x86.Build.0 = Debug|Any CPU
		{795F9C45-4A65-4A33-A697-1E63F0EE8991}.Release|Any CPU.ActiveCfg = Release|Any CPU
		{795F9C45-4A65-4A33-A697-1E63F0EE8991}.Release|Any CPU.Build.0 = Release|Any CPU
		{795F9C45-4A65-4A33-A697-1E63F0EE8991}.Release|x64.ActiveCfg = Release|Any CPU
		{795F9C45-4A65-4A33-A697-1E63F0EE8991}.Release|x64.Build.0 = Release|Any CPU
		{795F9C45-4A65-4A33-A697-1E63F0EE8991}.Release|x86.ActiveCfg = Release|Any CPU
		{795F9C45-4A65-4A33-A697-1E63F0EE8991}.Release|x86.Build.0 = Release|Any CPU
	EndGlobalSection
EndGlobal
