
Microsoft Visual Studio Solution File, Format Version 12.00
# Visual Studio Version 16
VisualStudioVersion = 16.0.30309.148
MinimumVisualStudioVersion = 10.0.40219.1
Project("{7B2434B5-E8DC-42B9-940A-99E2A9787686}") = "Azure.ResourceManager.Datashare", "src\Azure.ResourceManager.Datashare.csproj", "{FDCAE543-BC99-4107-82D8-935F8993CFD2}"
EndProject
Project("{7B2434B5-E8DC-42B9-940A-99E2A9787686}") = "Azure.ResourceManager.Datashare.Tests", "tests\Azure.ResourceManager.Datashare.Tests.csproj", "{B7EE9360-238B-4D10-BB95-0D6850C50DDE}"
EndProject
Global
	GlobalSection(SolutionProperties) = preSolution
		HideSolutionNode = FALSE
	EndGlobalSection
	GlobalSection(ExtensibilityGlobals) = postSolution
		SolutionGuid = {41F570AF-E673-4701-95D0-6723CDD60C9E}
	EndGlobalSection
	GlobalSection(SolutionConfigurationPlatforms) = preSolution
		Debug|Any CPU = Debug|Any CPU
		Debug|x64 = Debug|x64
		Debug|x86 = Debug|x86
		Release|Any CPU = Release|Any CPU
		Release|x64 = Release|x64
		Release|x86 = Release|x86
	EndGlobalSection
	GlobalSection(ProjectConfigurationPlatforms) = postSolution
		{FDCAE543-BC99-4107-82D8-935F8993CFD2}.Debug|Any CPU.ActiveCfg = Debug|Any CPU
		{FDCAE543-BC99-4107-82D8-935F8993CFD2}.Debug|Any CPU.Build.0 = Debug|Any CPU
		{FDCAE543-BC99-4107-82D8-935F8993CFD2}.Debug|x64.ActiveCfg = Debug|Any CPU
		{FDCAE543-BC99-4107-82D8-935F8993CFD2}.Debug|x64.Build.0 = Debug|Any CPU
		{FDCAE543-BC99-4107-82D8-935F8993CFD2}.Debug|x86.ActiveCfg = Debug|Any CPU
		{FDCAE543-BC99-4107-82D8-935F8993CFD2}.Debug|x86.Build.0 = Debug|Any CPU
		{FDCAE543-BC99-4107-82D8-935F8993CFD2}.Release|Any CPU.ActiveCfg = Release|Any CPU
		{FDCAE543-BC99-4107-82D8-935F8993CFD2}.Release|Any CPU.Build.0 = Release|Any CPU
		{FDCAE543-BC99-4107-82D8-935F8993CFD2}.Release|x64.ActiveCfg = Release|Any CPU
		{FDCAE543-BC99-4107-82D8-935F8993CFD2}.Release|x64.Build.0 = Release|Any CPU
		{FDCAE543-BC99-4107-82D8-935F8993CFD2}.Release|x86.ActiveCfg = Release|Any CPU
		{FDCAE543-BC99-4107-82D8-935F8993CFD2}.Release|x86.Build.0 = Release|Any CPU
		{B7EE9360-238B-4D10-BB95-0D6850C50DDE}.Debug|Any CPU.ActiveCfg = Debug|Any CPU
		{B7EE9360-238B-4D10-BB95-0D6850C50DDE}.Debug|Any CPU.Build.0 = Debug|Any CPU
		{B7EE9360-238B-4D10-BB95-0D6850C50DDE}.Debug|x64.ActiveCfg = Debug|Any CPU
		{B7EE9360-238B-4D10-BB95-0D6850C50DDE}.Debug|x64.Build.0 = Debug|Any CPU
		{B7EE9360-238B-4D10-BB95-0D6850C50DDE}.Debug|x86.ActiveCfg = Debug|Any CPU
		{B7EE9360-238B-4D10-BB95-0D6850C50DDE}.Debug|x86.Build.0 = Debug|Any CPU
		{B7EE9360-238B-4D10-BB95-0D6850C50DDE}.Release|Any CPU.ActiveCfg = Release|Any CPU
		{B7EE9360-238B-4D10-BB95-0D6850C50DDE}.Release|Any CPU.Build.0 = Release|Any CPU
		{B7EE9360-238B-4D10-BB95-0D6850C50DDE}.Release|x64.ActiveCfg = Release|Any CPU
		{B7EE9360-238B-4D10-BB95-0D6850C50DDE}.Release|x64.Build.0 = Release|Any CPU
		{B7EE9360-238B-4D10-BB95-0D6850C50DDE}.Release|x86.ActiveCfg = Release|Any CPU
		{B7EE9360-238B-4D10-BB95-0D6850C50DDE}.Release|x86.Build.0 = Release|Any CPU
	EndGlobalSection
EndGlobal
