
Microsoft Visual Studio Solution File, Format Version 12.00
# Visual Studio Version 16
VisualStudioVersion = 16.0.30309.148
MinimumVisualStudioVersion = 10.0.40219.1
Project("{040D74B6-AADE-43A9-8345-810F318C8E8D}") = "Azure.ResourceManager.Hybridcompute", "src\Azure.ResourceManager.Hybridcompute.csproj", "{FB5AB5FA-D336-4FF4-BA67-C1BBC5B1A5F7}"
EndProject
Project("{040D74B6-AADE-43A9-8345-810F318C8E8D}") = "Azure.ResourceManager.Hybridcompute.Tests", "tests\Azure.ResourceManager.Hybridcompute.Tests.csproj", "{C9B6E5FA-03E3-4BC4-89D3-2FD1EF7AEB21}"
EndProject
Global
	GlobalSection(SolutionProperties) = preSolution
		HideSolutionNode = FALSE
	EndGlobalSection
	GlobalSection(ExtensibilityGlobals) = postSolution
		SolutionGuid = {85DD022A-FAAE-4CF4-B2AB-9E0269305695}
	EndGlobalSection
	GlobalSection(SolutionConfigurationPlatforms) = preSolution
		Debug|Any CPU = Debug|Any CPU
		Debug|x64 = Debug|x64
		Debug|x86 = Debug|x86
		Release|Any CPU = Release|Any CPU
		Release|x64 = Release|x64
		Release|x86 = Release|x86
	EndGlobalSection
	GlobalSection(ProjectConfigurationPlatforms) = postSolution
		{FB5AB5FA-D336-4FF4-BA67-C1BBC5B1A5F7}.Debug|Any CPU.ActiveCfg = Debug|Any CPU
		{FB5AB5FA-D336-4FF4-BA67-C1BBC5B1A5F7}.Debug|Any CPU.Build.0 = Debug|Any CPU
		{FB5AB5FA-D336-4FF4-BA67-C1BBC5B1A5F7}.Debug|x64.ActiveCfg = Debug|Any CPU
		{FB5AB5FA-D336-4FF4-BA67-C1BBC5B1A5F7}.Debug|x64.Build.0 = Debug|Any CPU
		{FB5AB5FA-D336-4FF4-BA67-C1BBC5B1A5F7}.Debug|x86.ActiveCfg = Debug|Any CPU
		{FB5AB5FA-D336-4FF4-BA67-C1BBC5B1A5F7}.Debug|x86.Build.0 = Debug|Any CPU
		{FB5AB5FA-D336-4FF4-BA67-C1BBC5B1A5F7}.Release|Any CPU.ActiveCfg = Release|Any CPU
		{FB5AB5FA-D336-4FF4-BA67-C1BBC5B1A5F7}.Release|Any CPU.Build.0 = Release|Any CPU
		{FB5AB5FA-D336-4FF4-BA67-C1BBC5B1A5F7}.Release|x64.ActiveCfg = Release|Any CPU
		{FB5AB5FA-D336-4FF4-BA67-C1BBC5B1A5F7}.Release|x64.Build.0 = Release|Any CPU
		{FB5AB5FA-D336-4FF4-BA67-C1BBC5B1A5F7}.Release|x86.ActiveCfg = Release|Any CPU
		{FB5AB5FA-D336-4FF4-BA67-C1BBC5B1A5F7}.Release|x86.Build.0 = Release|Any CPU
		{C9B6E5FA-03E3-4BC4-89D3-2FD1EF7AEB21}.Debug|Any CPU.ActiveCfg = Debug|Any CPU
		{C9B6E5FA-03E3-4BC4-89D3-2FD1EF7AEB21}.Debug|Any CPU.Build.0 = Debug|Any CPU
		{C9B6E5FA-03E3-4BC4-89D3-2FD1EF7AEB21}.Debug|x64.ActiveCfg = Debug|Any CPU
		{C9B6E5FA-03E3-4BC4-89D3-2FD1EF7AEB21}.Debug|x64.Build.0 = Debug|Any CPU
		{C9B6E5FA-03E3-4BC4-89D3-2FD1EF7AEB21}.Debug|x86.ActiveCfg = Debug|Any CPU
		{C9B6E5FA-03E3-4BC4-89D3-2FD1EF7AEB21}.Debug|x86.Build.0 = Debug|Any CPU
		{C9B6E5FA-03E3-4BC4-89D3-2FD1EF7AEB21}.Release|Any CPU.ActiveCfg = Release|Any CPU
		{C9B6E5FA-03E3-4BC4-89D3-2FD1EF7AEB21}.Release|Any CPU.Build.0 = Release|Any CPU
		{C9B6E5FA-03E3-4BC4-89D3-2FD1EF7AEB21}.Release|x64.ActiveCfg = Release|Any CPU
		{C9B6E5FA-03E3-4BC4-89D3-2FD1EF7AEB21}.Release|x64.Build.0 = Release|Any CPU
		{C9B6E5FA-03E3-4BC4-89D3-2FD1EF7AEB21}.Release|x86.ActiveCfg = Release|Any CPU
		{C9B6E5FA-03E3-4BC4-89D3-2FD1EF7AEB21}.Release|x86.Build.0 = Release|Any CPU
	EndGlobalSection
EndGlobal
