
Microsoft Visual Studio Solution File, Format Version 12.00
# Visual Studio Version 16
VisualStudioVersion = 16.0.30309.148
MinimumVisualStudioVersion = 10.0.40219.1
Project("{2DFBC2B8-484E-4AF0-8F02-08E67B2B3BA9}") = "Azure.ResourceManager.Consumption", "src\Azure.ResourceManager.Consumption.csproj", "{0A265AA6-2AB7-4DED-8390-0A1C4F09943B}"
EndProject
Project("{2DFBC2B8-484E-4AF0-8F02-08E67B2B3BA9}") = "Azure.ResourceManager.Consumption.Tests", "tests\Azure.ResourceManager.Consumption.Tests.csproj", "{4AB41452-D53A-447C-BA99-FA37D160CA36}"
EndProject
Global
	GlobalSection(SolutionProperties) = preSolution
		HideSolutionNode = FALSE
	EndGlobalSection
	GlobalSection(ExtensibilityGlobals) = postSolution
		SolutionGuid = {B363DCC1-65BE-4D45-9C36-5F0C892A3ACD}
	EndGlobalSection
	GlobalSection(SolutionConfigurationPlatforms) = preSolution
		Debug|Any CPU = Debug|Any CPU
		Debug|x64 = Debug|x64
		Debug|x86 = Debug|x86
		Release|Any CPU = Release|Any CPU
		Release|x64 = Release|x64
		Release|x86 = Release|x86
	EndGlobalSection
	GlobalSection(ProjectConfigurationPlatforms) = postSolution
		{0A265AA6-2AB7-4DED-8390-0A1C4F09943B}.Debug|Any CPU.ActiveCfg = Debug|Any CPU
		{0A265AA6-2AB7-4DED-8390-0A1C4F09943B}.Debug|Any CPU.Build.0 = Debug|Any CPU
		{0A265AA6-2AB7-4DED-8390-0A1C4F09943B}.Debug|x64.ActiveCfg = Debug|Any CPU
		{0A265AA6-2AB7-4DED-8390-0A1C4F09943B}.Debug|x64.Build.0 = Debug|Any CPU
		{0A265AA6-2AB7-4DED-8390-0A1C4F09943B}.Debug|x86.ActiveCfg = Debug|Any CPU
		{0A265AA6-2AB7-4DED-8390-0A1C4F09943B}.Debug|x86.Build.0 = Debug|Any CPU
		{0A265AA6-2AB7-4DED-8390-0A1C4F09943B}.Release|Any CPU.ActiveCfg = Release|Any CPU
		{0A265AA6-2AB7-4DED-8390-0A1C4F09943B}.Release|Any CPU.Build.0 = Release|Any CPU
		{0A265AA6-2AB7-4DED-8390-0A1C4F09943B}.Release|x64.ActiveCfg = Release|Any CPU
		{0A265AA6-2AB7-4DED-8390-0A1C4F09943B}.Release|x64.Build.0 = Release|Any CPU
		{0A265AA6-2AB7-4DED-8390-0A1C4F09943B}.Release|x86.ActiveCfg = Release|Any CPU
		{0A265AA6-2AB7-4DED-8390-0A1C4F09943B}.Release|x86.Build.0 = Release|Any CPU
		{4AB41452-D53A-447C-BA99-FA37D160CA36}.Debug|Any CPU.ActiveCfg = Debug|Any CPU
		{4AB41452-D53A-447C-BA99-FA37D160CA36}.Debug|Any CPU.Build.0 = Debug|Any CPU
		{4AB41452-D53A-447C-BA99-FA37D160CA36}.Debug|x64.ActiveCfg = Debug|Any CPU
		{4AB41452-D53A-447C-BA99-FA37D160CA36}.Debug|x64.Build.0 = Debug|Any CPU
		{4AB41452-D53A-447C-BA99-FA37D160CA36}.Debug|x86.ActiveCfg = Debug|Any CPU
		{4AB41452-D53A-447C-BA99-FA37D160CA36}.Debug|x86.Build.0 = Debug|Any CPU
		{4AB41452-D53A-447C-BA99-FA37D160CA36}.Release|Any CPU.ActiveCfg = Release|Any CPU
		{4AB41452-D53A-447C-BA99-FA37D160CA36}.Release|Any CPU.Build.0 = Release|Any CPU
		{4AB41452-D53A-447C-BA99-FA37D160CA36}.Release|x64.ActiveCfg = Release|Any CPU
		{4AB41452-D53A-447C-BA99-FA37D160CA36}.Release|x64.Build.0 = Release|Any CPU
		{4AB41452-D53A-447C-BA99-FA37D160CA36}.Release|x86.ActiveCfg = Release|Any CPU
		{4AB41452-D53A-447C-BA99-FA37D160CA36}.Release|x86.Build.0 = Release|Any CPU
	EndGlobalSection
EndGlobal
