
Microsoft Visual Studio Solution File, Format Version 12.00
# Visual Studio Version 16
VisualStudioVersion = 16.0.30309.148
MinimumVisualStudioVersion = 10.0.40219.1
Project("{0FB75712-C4FF-4B65-970A-3143A05D4C5F}") = "Azure.ResourceManager.Postgresql", "src\Azure.ResourceManager.Postgresql.csproj", "{5661ED5F-32DE-42B4-A1AE-33B6BB81AB8D}"
EndProject
Project("{0FB75712-C4FF-4B65-970A-3143A05D4C5F}") = "Azure.ResourceManager.Postgresql.Tests", "tests\Azure.ResourceManager.Postgresql.Tests.csproj", "{830CD0AD-DD06-4B88-9B6B-B8C8B0F091FD}"
EndProject
Global
	GlobalSection(SolutionProperties) = preSolution
		HideSolutionNode = FALSE
	EndGlobalSection
	GlobalSection(ExtensibilityGlobals) = postSolution
		SolutionGuid = {C9C9FC62-C10E-4530-9922-B7BFDB7C080F}
	EndGlobalSection
	GlobalSection(SolutionConfigurationPlatforms) = preSolution
		Debug|Any CPU = Debug|Any CPU
		Debug|x64 = Debug|x64
		Debug|x86 = Debug|x86
		Release|Any CPU = Release|Any CPU
		Release|x64 = Release|x64
		Release|x86 = Release|x86
	EndGlobalSection
	GlobalSection(ProjectConfigurationPlatforms) = postSolution
		{5661ED5F-32DE-42B4-A1AE-33B6BB81AB8D}.Debug|Any CPU.ActiveCfg = Debug|Any CPU
		{5661ED5F-32DE-42B4-A1AE-33B6BB81AB8D}.Debug|Any CPU.Build.0 = Debug|Any CPU
		{5661ED5F-32DE-42B4-A1AE-33B6BB81AB8D}.Debug|x64.ActiveCfg = Debug|Any CPU
		{5661ED5F-32DE-42B4-A1AE-33B6BB81AB8D}.Debug|x64.Build.0 = Debug|Any CPU
		{5661ED5F-32DE-42B4-A1AE-33B6BB81AB8D}.Debug|x86.ActiveCfg = Debug|Any CPU
		{5661ED5F-32DE-42B4-A1AE-33B6BB81AB8D}.Debug|x86.Build.0 = Debug|Any CPU
		{5661ED5F-32DE-42B4-A1AE-33B6BB81AB8D}.Release|Any CPU.ActiveCfg = Release|Any CPU
		{5661ED5F-32DE-42B4-A1AE-33B6BB81AB8D}.Release|Any CPU.Build.0 = Release|Any CPU
		{5661ED5F-32DE-42B4-A1AE-33B6BB81AB8D}.Release|x64.ActiveCfg = Release|Any CPU
		{5661ED5F-32DE-42B4-A1AE-33B6BB81AB8D}.Release|x64.Build.0 = Release|Any CPU
		{5661ED5F-32DE-42B4-A1AE-33B6BB81AB8D}.Release|x86.ActiveCfg = Release|Any CPU
		{5661ED5F-32DE-42B4-A1AE-33B6BB81AB8D}.Release|x86.Build.0 = Release|Any CPU
		{830CD0AD-DD06-4B88-9B6B-B8C8B0F091FD}.Debug|Any CPU.ActiveCfg = Debug|Any CPU
		{830CD0AD-DD06-4B88-9B6B-B8C8B0F091FD}.Debug|Any CPU.Build.0 = Debug|Any CPU
		{830CD0AD-DD06-4B88-9B6B-B8C8B0F091FD}.Debug|x64.ActiveCfg = Debug|Any CPU
		{830CD0AD-DD06-4B88-9B6B-B8C8B0F091FD}.Debug|x64.Build.0 = Debug|Any CPU
		{830CD0AD-DD06-4B88-9B6B-B8C8B0F091FD}.Debug|x86.ActiveCfg = Debug|Any CPU
		{830CD0AD-DD06-4B88-9B6B-B8C8B0F091FD}.Debug|x86.Build.0 = Debug|Any CPU
		{830CD0AD-DD06-4B88-9B6B-B8C8B0F091FD}.Release|Any CPU.ActiveCfg = Release|Any CPU
		{830CD0AD-DD06-4B88-9B6B-B8C8B0F091FD}.Release|Any CPU.Build.0 = Release|Any CPU
		{830CD0AD-DD06-4B88-9B6B-B8C8B0F091FD}.Release|x64.ActiveCfg = Release|Any CPU
		{830CD0AD-DD06-4B88-9B6B-B8C8B0F091FD}.Release|x64.Build.0 = Release|Any CPU
		{830CD0AD-DD06-4B88-9B6B-B8C8B0F091FD}.Release|x86.ActiveCfg = Release|Any CPU
		{830CD0AD-DD06-4B88-9B6B-B8C8B0F091FD}.Release|x86.Build.0 = Release|Any CPU
	EndGlobalSection
EndGlobal
