
Microsoft Visual Studio Solution File, Format Version 12.00
# Visual Studio Version 16
VisualStudioVersion = 16.0.30309.148
MinimumVisualStudioVersion = 10.0.40219.1
Project("{28944F93-30F1-4EA9-AE2F-1D34E44415B4}") = "Azure.ResourceManager.Dataprotection", "src\Azure.ResourceManager.Dataprotection.csproj", "{DAC8B093-AE77-4A53-BE9D-AC6FFFAA21FA}"
EndProject
Project("{28944F93-30F1-4EA9-AE2F-1D34E44415B4}") = "Azure.ResourceManager.Dataprotection.Tests", "tests\Azure.ResourceManager.Dataprotection.Tests.csproj", "{B6049451-75A2-40A9-924B-EBFC156B9CF7}"
EndProject
Global
	GlobalSection(SolutionProperties) = preSolution
		HideSolutionNode = FALSE
	EndGlobalSection
	GlobalSection(ExtensibilityGlobals) = postSolution
		SolutionGuid = {481FE41E-0CAA-4E0E-B64B-FCCCD155D389}
	EndGlobalSection
	GlobalSection(SolutionConfigurationPlatforms) = preSolution
		Debug|Any CPU = Debug|Any CPU
		Debug|x64 = Debug|x64
		Debug|x86 = Debug|x86
		Release|Any CPU = Release|Any CPU
		Release|x64 = Release|x64
		Release|x86 = Release|x86
	EndGlobalSection
	GlobalSection(ProjectConfigurationPlatforms) = postSolution
		{DAC8B093-AE77-4A53-BE9D-AC6FFFAA21FA}.Debug|Any CPU.ActiveCfg = Debug|Any CPU
		{DAC8B093-AE77-4A53-BE9D-AC6FFFAA21FA}.Debug|Any CPU.Build.0 = Debug|Any CPU
		{DAC8B093-AE77-4A53-BE9D-AC6FFFAA21FA}.Debug|x64.ActiveCfg = Debug|Any CPU
		{DAC8B093-AE77-4A53-BE9D-AC6FFFAA21FA}.Debug|x64.Build.0 = Debug|Any CPU
		{DAC8B093-AE77-4A53-BE9D-AC6FFFAA21FA}.Debug|x86.ActiveCfg = Debug|Any CPU
		{DAC8B093-AE77-4A53-BE9D-AC6FFFAA21FA}.Debug|x86.Build.0 = Debug|Any CPU
		{DAC8B093-AE77-4A53-BE9D-AC6FFFAA21FA}.Release|Any CPU.ActiveCfg = Release|Any CPU
		{DAC8B093-AE77-4A53-BE9D-AC6FFFAA21FA}.Release|Any CPU.Build.0 = Release|Any CPU
		{DAC8B093-AE77-4A53-BE9D-AC6FFFAA21FA}.Release|x64.ActiveCfg = Release|Any CPU
		{DAC8B093-AE77-4A53-BE9D-AC6FFFAA21FA}.Release|x64.Build.0 = Release|Any CPU
		{DAC8B093-AE77-4A53-BE9D-AC6FFFAA21FA}.Release|x86.ActiveCfg = Release|Any CPU
		{DAC8B093-AE77-4A53-BE9D-AC6FFFAA21FA}.Release|x86.Build.0 = Release|Any CPU
		{B6049451-75A2-40A9-924B-EBFC156B9CF7}.Debug|Any CPU.ActiveCfg = Debug|Any CPU
		{B6049451-75A2-40A9-924B-EBFC156B9CF7}.Debug|Any CPU.Build.0 = Debug|Any CPU
		{B6049451-75A2-40A9-924B-EBFC156B9CF7}.Debug|x64.ActiveCfg = Debug|Any CPU
		{B6049451-75A2-40A9-924B-EBFC156B9CF7}.Debug|x64.Build.0 = Debug|Any CPU
		{B6049451-75A2-40A9-924B-EBFC156B9CF7}.Debug|x86.ActiveCfg = Debug|Any CPU
		{B6049451-75A2-40A9-924B-EBFC156B9CF7}.Debug|x86.Build.0 = Debug|Any CPU
		{B6049451-75A2-40A9-924B-EBFC156B9CF7}.Release|Any CPU.ActiveCfg = Release|Any CPU
		{B6049451-75A2-40A9-924B-EBFC156B9CF7}.Release|Any CPU.Build.0 = Release|Any CPU
		{B6049451-75A2-40A9-924B-EBFC156B9CF7}.Release|x64.ActiveCfg = Release|Any CPU
		{B6049451-75A2-40A9-924B-EBFC156B9CF7}.Release|x64.Build.0 = Release|Any CPU
		{B6049451-75A2-40A9-924B-EBFC156B9CF7}.Release|x86.ActiveCfg = Release|Any CPU
		{B6049451-75A2-40A9-924B-EBFC156B9CF7}.Release|x86.Build.0 = Release|Any CPU
	EndGlobalSection
EndGlobal
