
Microsoft Visual Studio Solution File, Format Version 12.00
# Visual Studio Version 16
VisualStudioVersion = 16.0.30309.148
MinimumVisualStudioVersion = 10.0.40219.1
Project("{B49BD397-A1BC-4813-B32A-24599F484C20}") = "Azure.ResourceManager.Iotcentral", "src\Azure.ResourceManager.Iotcentral.csproj", "{B18E2B25-5CBD-4886-9AB7-62DE36388222}"
EndProject
Project("{B49BD397-A1BC-4813-B32A-24599F484C20}") = "Azure.ResourceManager.Iotcentral.Tests", "tests\Azure.ResourceManager.Iotcentral.Tests.csproj", "{0FB2F150-4B05-4C3C-A47B-A452487AB751}"
EndProject
Global
	GlobalSection(SolutionProperties) = preSolution
		HideSolutionNode = FALSE
	EndGlobalSection
	GlobalSection(ExtensibilityGlobals) = postSolution
		SolutionGuid = {DABA564D-DE87-4012-A2EF-D122D042FD8A}
	EndGlobalSection
	GlobalSection(SolutionConfigurationPlatforms) = preSolution
		Debug|Any CPU = Debug|Any CPU
		Debug|x64 = Debug|x64
		Debug|x86 = Debug|x86
		Release|Any CPU = Release|Any CPU
		Release|x64 = Release|x64
		Release|x86 = Release|x86
	EndGlobalSection
	GlobalSection(ProjectConfigurationPlatforms) = postSolution
		{B18E2B25-5CBD-4886-9AB7-62DE36388222}.Debug|Any CPU.ActiveCfg = Debug|Any CPU
		{B18E2B25-5CBD-4886-9AB7-62DE36388222}.Debug|Any CPU.Build.0 = Debug|Any CPU
		{B18E2B25-5CBD-4886-9AB7-62DE36388222}.Debug|x64.ActiveCfg = Debug|Any CPU
		{B18E2B25-5CBD-4886-9AB7-62DE36388222}.Debug|x64.Build.0 = Debug|Any CPU
		{B18E2B25-5CBD-4886-9AB7-62DE36388222}.Debug|x86.ActiveCfg = Debug|Any CPU
		{B18E2B25-5CBD-4886-9AB7-62DE36388222}.Debug|x86.Build.0 = Debug|Any CPU
		{B18E2B25-5CBD-4886-9AB7-62DE36388222}.Release|Any CPU.ActiveCfg = Release|Any CPU
		{B18E2B25-5CBD-4886-9AB7-62DE36388222}.Release|Any CPU.Build.0 = Release|Any CPU
		{B18E2B25-5CBD-4886-9AB7-62DE36388222}.Release|x64.ActiveCfg = Release|Any CPU
		{B18E2B25-5CBD-4886-9AB7-62DE36388222}.Release|x64.Build.0 = Release|Any CPU
		{B18E2B25-5CBD-4886-9AB7-62DE36388222}.Release|x86.ActiveCfg = Release|Any CPU
		{B18E2B25-5CBD-4886-9AB7-62DE36388222}.Release|x86.Build.0 = Release|Any CPU
		{0FB2F150-4B05-4C3C-A47B-A452487AB751}.Debug|Any CPU.ActiveCfg = Debug|Any CPU
		{0FB2F150-4B05-4C3C-A47B-A452487AB751}.Debug|Any CPU.Build.0 = Debug|Any CPU
		{0FB2F150-4B05-4C3C-A47B-A452487AB751}.Debug|x64.ActiveCfg = Debug|Any CPU
		{0FB2F150-4B05-4C3C-A47B-A452487AB751}.Debug|x64.Build.0 = Debug|Any CPU
		{0FB2F150-4B05-4C3C-A47B-A452487AB751}.Debug|x86.ActiveCfg = Debug|Any CPU
		{0FB2F150-4B05-4C3C-A47B-A452487AB751}.Debug|x86.Build.0 = Debug|Any CPU
		{0FB2F150-4B05-4C3C-A47B-A452487AB751}.Release|Any CPU.ActiveCfg = Release|Any CPU
		{0FB2F150-4B05-4C3C-A47B-A452487AB751}.Release|Any CPU.Build.0 = Release|Any CPU
		{0FB2F150-4B05-4C3C-A47B-A452487AB751}.Release|x64.ActiveCfg = Release|Any CPU
		{0FB2F150-4B05-4C3C-A47B-A452487AB751}.Release|x64.Build.0 = Release|Any CPU
		{0FB2F150-4B05-4C3C-A47B-A452487AB751}.Release|x86.ActiveCfg = Release|Any CPU
		{0FB2F150-4B05-4C3C-A47B-A452487AB751}.Release|x86.Build.0 = Release|Any CPU
	EndGlobalSection
EndGlobal
