
Microsoft Visual Studio Solution File, Format Version 12.00
# Visual Studio Version 16
VisualStudioVersion = 16.0.30309.148
MinimumVisualStudioVersion = 10.0.40219.1
Project("{9E76813B-AC78-431D-B052-215F01554061}") = "Azure.ResourceManager.Automanage", "src\Azure.ResourceManager.Automanage.csproj", "{C34768D6-A8E6-4630-A55A-5E33B74EDA1F}"
EndProject
Project("{9E76813B-AC78-431D-B052-215F01554061}") = "Azure.ResourceManager.Automanage.Tests", "tests\Azure.ResourceManager.Automanage.Tests.csproj", "{27F7AD20-A847-49E2-8EF9-D59AF4B9AE58}"
EndProject
Global
	GlobalSection(SolutionProperties) = preSolution
		HideSolutionNode = FALSE
	EndGlobalSection
	GlobalSection(ExtensibilityGlobals) = postSolution
		SolutionGuid = {D22F6796-D0CF-4FA5-9CBE-086BEB734822}
	EndGlobalSection
	GlobalSection(SolutionConfigurationPlatforms) = preSolution
		Debug|Any CPU = Debug|Any CPU
		Debug|x64 = Debug|x64
		Debug|x86 = Debug|x86
		Release|Any CPU = Release|Any CPU
		Release|x64 = Release|x64
		Release|x86 = Release|x86
	EndGlobalSection
	GlobalSection(ProjectConfigurationPlatforms) = postSolution
		{C34768D6-A8E6-4630-A55A-5E33B74EDA1F}.Debug|Any CPU.ActiveCfg = Debug|Any CPU
		{C34768D6-A8E6-4630-A55A-5E33B74EDA1F}.Debug|Any CPU.Build.0 = Debug|Any CPU
		{C34768D6-A8E6-4630-A55A-5E33B74EDA1F}.Debug|x64.ActiveCfg = Debug|Any CPU
		{C34768D6-A8E6-4630-A55A-5E33B74EDA1F}.Debug|x64.Build.0 = Debug|Any CPU
		{C34768D6-A8E6-4630-A55A-5E33B74EDA1F}.Debug|x86.ActiveCfg = Debug|Any CPU
		{C34768D6-A8E6-4630-A55A-5E33B74EDA1F}.Debug|x86.Build.0 = Debug|Any CPU
		{C34768D6-A8E6-4630-A55A-5E33B74EDA1F}.Release|Any CPU.ActiveCfg = Release|Any CPU
		{C34768D6-A8E6-4630-A55A-5E33B74EDA1F}.Release|Any CPU.Build.0 = Release|Any CPU
		{C34768D6-A8E6-4630-A55A-5E33B74EDA1F}.Release|x64.ActiveCfg = Release|Any CPU
		{C34768D6-A8E6-4630-A55A-5E33B74EDA1F}.Release|x64.Build.0 = Release|Any CPU
		{C34768D6-A8E6-4630-A55A-5E33B74EDA1F}.Release|x86.ActiveCfg = Release|Any CPU
		{C34768D6-A8E6-4630-A55A-5E33B74EDA1F}.Release|x86.Build.0 = Release|Any CPU
		{27F7AD20-A847-49E2-8EF9-D59AF4B9AE58}.Debug|Any CPU.ActiveCfg = Debug|Any CPU
		{27F7AD20-A847-49E2-8EF9-D59AF4B9AE58}.Debug|Any CPU.Build.0 = Debug|Any CPU
		{27F7AD20-A847-49E2-8EF9-D59AF4B9AE58}.Debug|x64.ActiveCfg = Debug|Any CPU
		{27F7AD20-A847-49E2-8EF9-D59AF4B9AE58}.Debug|x64.Build.0 = Debug|Any CPU
		{27F7AD20-A847-49E2-8EF9-D59AF4B9AE58}.Debug|x86.ActiveCfg = Debug|Any CPU
		{27F7AD20-A847-49E2-8EF9-D59AF4B9AE58}.Debug|x86.Build.0 = Debug|Any CPU
		{27F7AD20-A847-49E2-8EF9-D59AF4B9AE58}.Release|Any CPU.ActiveCfg = Release|Any CPU
		{27F7AD20-A847-49E2-8EF9-D59AF4B9AE58}.Release|Any CPU.Build.0 = Release|Any CPU
		{27F7AD20-A847-49E2-8EF9-D59AF4B9AE58}.Release|x64.ActiveCfg = Release|Any CPU
		{27F7AD20-A847-49E2-8EF9-D59AF4B9AE58}.Release|x64.Build.0 = Release|Any CPU
		{27F7AD20-A847-49E2-8EF9-D59AF4B9AE58}.Release|x86.ActiveCfg = Release|Any CPU
		{27F7AD20-A847-49E2-8EF9-D59AF4B9AE58}.Release|x86.Build.0 = Release|Any CPU
	EndGlobalSection
EndGlobal
