
Microsoft Visual Studio Solution File, Format Version 12.00
# Visual Studio Version 16
VisualStudioVersion = 16.0.30309.148
MinimumVisualStudioVersion = 10.0.40219.1
Project("{D1DB99C5-2C1F-4A93-9741-C14D6E04BAD3}") = "Azure.ResourceManager.Appservice", "src\Azure.ResourceManager.Appservice.csproj", "{60B4C8A9-BFF7-47EE-9CF0-DDB2BD6932F1}"
EndProject
Project("{D1DB99C5-2C1F-4A93-9741-C14D6E04BAD3}") = "Azure.ResourceManager.Appservice.Tests", "tests\Azure.ResourceManager.Appservice.Tests.csproj", "{D2D196F1-53F7-4A6B-A127-3200CEADB356}"
EndProject
Global
	GlobalSection(SolutionProperties) = preSolution
		HideSolutionNode = FALSE
	EndGlobalSection
	GlobalSection(ExtensibilityGlobals) = postSolution
		SolutionGuid = {6893EE53-70F1-4BC6-8692-4185B0B1C709}
	EndGlobalSection
	GlobalSection(SolutionConfigurationPlatforms) = preSolution
		Debug|Any CPU = Debug|Any CPU
		Debug|x64 = Debug|x64
		Debug|x86 = Debug|x86
		Release|Any CPU = Release|Any CPU
		Release|x64 = Release|x64
		Release|x86 = Release|x86
	EndGlobalSection
	GlobalSection(ProjectConfigurationPlatforms) = postSolution
		{60B4C8A9-BFF7-47EE-9CF0-DDB2BD6932F1}.Debug|Any CPU.ActiveCfg = Debug|Any CPU
		{60B4C8A9-BFF7-47EE-9CF0-DDB2BD6932F1}.Debug|Any CPU.Build.0 = Debug|Any CPU
		{60B4C8A9-BFF7-47EE-9CF0-DDB2BD6932F1}.Debug|x64.ActiveCfg = Debug|Any CPU
		{60B4C8A9-BFF7-47EE-9CF0-DDB2BD6932F1}.Debug|x64.Build.0 = Debug|Any CPU
		{60B4C8A9-BFF7-47EE-9CF0-DDB2BD6932F1}.Debug|x86.ActiveCfg = Debug|Any CPU
		{60B4C8A9-BFF7-47EE-9CF0-DDB2BD6932F1}.Debug|x86.Build.0 = Debug|Any CPU
		{60B4C8A9-BFF7-47EE-9CF0-DDB2BD6932F1}.Release|Any CPU.ActiveCfg = Release|Any CPU
		{60B4C8A9-BFF7-47EE-9CF0-DDB2BD6932F1}.Release|Any CPU.Build.0 = Release|Any CPU
		{60B4C8A9-BFF7-47EE-9CF0-DDB2BD6932F1}.Release|x64.ActiveCfg = Release|Any CPU
		{60B4C8A9-BFF7-47EE-9CF0-DDB2BD6932F1}.Release|x64.Build.0 = Release|Any CPU
		{60B4C8A9-BFF7-47EE-9CF0-DDB2BD6932F1}.Release|x86.ActiveCfg = Release|Any CPU
		{60B4C8A9-BFF7-47EE-9CF0-DDB2BD6932F1}.Release|x86.Build.0 = Release|Any CPU
		{D2D196F1-53F7-4A6B-A127-3200CEADB356}.Debug|Any CPU.ActiveCfg = Debug|Any CPU
		{D2D196F1-53F7-4A6B-A127-3200CEADB356}.Debug|Any CPU.Build.0 = Debug|Any CPU
		{D2D196F1-53F7-4A6B-A127-3200CEADB356}.Debug|x64.ActiveCfg = Debug|Any CPU
		{D2D196F1-53F7-4A6B-A127-3200CEADB356}.Debug|x64.Build.0 = Debug|Any CPU
		{D2D196F1-53F7-4A6B-A127-3200CEADB356}.Debug|x86.ActiveCfg = Debug|Any CPU
		{D2D196F1-53F7-4A6B-A127-3200CEADB356}.Debug|x86.Build.0 = Debug|Any CPU
		{D2D196F1-53F7-4A6B-A127-3200CEADB356}.Release|Any CPU.ActiveCfg = Release|Any CPU
		{D2D196F1-53F7-4A6B-A127-3200CEADB356}.Release|Any CPU.Build.0 = Release|Any CPU
		{D2D196F1-53F7-4A6B-A127-3200CEADB356}.Release|x64.ActiveCfg = Release|Any CPU
		{D2D196F1-53F7-4A6B-A127-3200CEADB356}.Release|x64.Build.0 = Release|Any CPU
		{D2D196F1-53F7-4A6B-A127-3200CEADB356}.Release|x86.ActiveCfg = Release|Any CPU
		{D2D196F1-53F7-4A6B-A127-3200CEADB356}.Release|x86.Build.0 = Release|Any CPU
	EndGlobalSection
EndGlobal
