
Microsoft Visual Studio Solution File, Format Version 12.00
# Visual Studio Version 16
VisualStudioVersion = 16.0.30309.148
MinimumVisualStudioVersion = 10.0.40219.1
Project("{1A567D3D-F0E8-4C9F-B288-C6EDFF60D978}") = "Azure.ResourceManager.Attestation", "src\Azure.ResourceManager.Attestation.csproj", "{1B071939-DB90-430D-B066-6E453EBA0A14}"
EndProject
Project("{1A567D3D-F0E8-4C9F-B288-C6EDFF60D978}") = "Azure.ResourceManager.Attestation.Tests", "tests\Azure.ResourceManager.Attestation.Tests.csproj", "{A43B0139-6FA7-4A0C-96A7-AAB7DC8369A7}"
EndProject
Global
	GlobalSection(SolutionProperties) = preSolution
		HideSolutionNode = FALSE
	EndGlobalSection
	GlobalSection(ExtensibilityGlobals) = postSolution
		SolutionGuid = {13EFF8CB-C884-4A2A-AD0C-6F0A4FB49C17}
	EndGlobalSection
	GlobalSection(SolutionConfigurationPlatforms) = preSolution
		Debug|Any CPU = Debug|Any CPU
		Debug|x64 = Debug|x64
		Debug|x86 = Debug|x86
		Release|Any CPU = Release|Any CPU
		Release|x64 = Release|x64
		Release|x86 = Release|x86
	EndGlobalSection
	GlobalSection(ProjectConfigurationPlatforms) = postSolution
		{1B071939-DB90-430D-B066-6E453EBA0A14}.Debug|Any CPU.ActiveCfg = Debug|Any CPU
		{1B071939-DB90-430D-B066-6E453EBA0A14}.Debug|Any CPU.Build.0 = Debug|Any CPU
		{1B071939-DB90-430D-B066-6E453EBA0A14}.Debug|x64.ActiveCfg = Debug|Any CPU
		{1B071939-DB90-430D-B066-6E453EBA0A14}.Debug|x64.Build.0 = Debug|Any CPU
		{1B071939-DB90-430D-B066-6E453EBA0A14}.Debug|x86.ActiveCfg = Debug|Any CPU
		{1B071939-DB90-430D-B066-6E453EBA0A14}.Debug|x86.Build.0 = Debug|Any CPU
		{1B071939-DB90-430D-B066-6E453EBA0A14}.Release|Any CPU.ActiveCfg = Release|Any CPU
		{1B071939-DB90-430D-B066-6E453EBA0A14}.Release|Any CPU.Build.0 = Release|Any CPU
		{1B071939-DB90-430D-B066-6E453EBA0A14}.Release|x64.ActiveCfg = Release|Any CPU
		{1B071939-DB90-430D-B066-6E453EBA0A14}.Release|x64.Build.0 = Release|Any CPU
		{1B071939-DB90-430D-B066-6E453EBA0A14}.Release|x86.ActiveCfg = Release|Any CPU
		{1B071939-DB90-430D-B066-6E453EBA0A14}.Release|x86.Build.0 = Release|Any CPU
		{A43B0139-6FA7-4A0C-96A7-AAB7DC8369A7}.Debug|Any CPU.ActiveCfg = Debug|Any CPU
		{A43B0139-6FA7-4A0C-96A7-AAB7DC8369A7}.Debug|Any CPU.Build.0 = Debug|Any CPU
		{A43B0139-6FA7-4A0C-96A7-AAB7DC8369A7}.Debug|x64.ActiveCfg = Debug|Any CPU
		{A43B0139-6FA7-4A0C-96A7-AAB7DC8369A7}.Debug|x64.Build.0 = Debug|Any CPU
		{A43B0139-6FA7-4A0C-96A7-AAB7DC8369A7}.Debug|x86.ActiveCfg = Debug|Any CPU
		{A43B0139-6FA7-4A0C-96A7-AAB7DC8369A7}.Debug|x86.Build.0 = Debug|Any CPU
		{A43B0139-6FA7-4A0C-96A7-AAB7DC8369A7}.Release|Any CPU.ActiveCfg = Release|Any CPU
		{A43B0139-6FA7-4A0C-96A7-AAB7DC8369A7}.Release|Any CPU.Build.0 = Release|Any CPU
		{A43B0139-6FA7-4A0C-96A7-AAB7DC8369A7}.Release|x64.ActiveCfg = Release|Any CPU
		{A43B0139-6FA7-4A0C-96A7-AAB7DC8369A7}.Release|x64.Build.0 = Release|Any CPU
		{A43B0139-6FA7-4A0C-96A7-AAB7DC8369A7}.Release|x86.ActiveCfg = Release|Any CPU
		{A43B0139-6FA7-4A0C-96A7-AAB7DC8369A7}.Release|x86.Build.0 = Release|Any CPU
	EndGlobalSection
EndGlobal
