
Microsoft Visual Studio Solution File, Format Version 12.00
# Visual Studio Version 16
VisualStudioVersion = 16.0.30309.148
MinimumVisualStudioVersion = 10.0.40219.1
Project("{DFC533A9-0F03-41CE-B391-A263F27EA886}") = "Azure.ResourceManager.Datadog", "src\Azure.ResourceManager.Datadog.csproj", "{90975AD0-5565-4E8D-83D8-AADE1F679F48}"
EndProject
Project("{DFC533A9-0F03-41CE-B391-A263F27EA886}") = "Azure.ResourceManager.Datadog.Tests", "tests\Azure.ResourceManager.Datadog.Tests.csproj", "{A4AFD507-1668-49BD-A916-44AB105B71BD}"
EndProject
Global
	GlobalSection(SolutionProperties) = preSolution
		HideSolutionNode = FALSE
	EndGlobalSection
	GlobalSection(ExtensibilityGlobals) = postSolution
		SolutionGuid = {6CE3E07A-5970-475E-8433-21BB27311DA4}
	EndGlobalSection
	GlobalSection(SolutionConfigurationPlatforms) = preSolution
		Debug|Any CPU = Debug|Any CPU
		Debug|x64 = Debug|x64
		Debug|x86 = Debug|x86
		Release|Any CPU = Release|Any CPU
		Release|x64 = Release|x64
		Release|x86 = Release|x86
	EndGlobalSection
	GlobalSection(ProjectConfigurationPlatforms) = postSolution
		{90975AD0-5565-4E8D-83D8-AADE1F679F48}.Debug|Any CPU.ActiveCfg = Debug|Any CPU
		{90975AD0-5565-4E8D-83D8-AADE1F679F48}.Debug|Any CPU.Build.0 = Debug|Any CPU
		{90975AD0-5565-4E8D-83D8-AADE1F679F48}.Debug|x64.ActiveCfg = Debug|Any CPU
		{90975AD0-5565-4E8D-83D8-AADE1F679F48}.Debug|x64.Build.0 = Debug|Any CPU
		{90975AD0-5565-4E8D-83D8-AADE1F679F48}.Debug|x86.ActiveCfg = Debug|Any CPU
		{90975AD0-5565-4E8D-83D8-AADE1F679F48}.Debug|x86.Build.0 = Debug|Any CPU
		{90975AD0-5565-4E8D-83D8-AADE1F679F48}.Release|Any CPU.ActiveCfg = Release|Any CPU
		{90975AD0-5565-4E8D-83D8-AADE1F679F48}.Release|Any CPU.Build.0 = Release|Any CPU
		{90975AD0-5565-4E8D-83D8-AADE1F679F48}.Release|x64.ActiveCfg = Release|Any CPU
		{90975AD0-5565-4E8D-83D8-AADE1F679F48}.Release|x64.Build.0 = Release|Any CPU
		{90975AD0-5565-4E8D-83D8-AADE1F679F48}.Release|x86.ActiveCfg = Release|Any CPU
		{90975AD0-5565-4E8D-83D8-AADE1F679F48}.Release|x86.Build.0 = Release|Any CPU
		{A4AFD507-1668-49BD-A916-44AB105B71BD}.Debug|Any CPU.ActiveCfg = Debug|Any CPU
		{A4AFD507-1668-49BD-A916-44AB105B71BD}.Debug|Any CPU.Build.0 = Debug|Any CPU
		{A4AFD507-1668-49BD-A916-44AB105B71BD}.Debug|x64.ActiveCfg = Debug|Any CPU
		{A4AFD507-1668-49BD-A916-44AB105B71BD}.Debug|x64.Build.0 = Debug|Any CPU
		{A4AFD507-1668-49BD-A916-44AB105B71BD}.Debug|x86.ActiveCfg = Debug|Any CPU
		{A4AFD507-1668-49BD-A916-44AB105B71BD}.Debug|x86.Build.0 = Debug|Any CPU
		{A4AFD507-1668-49BD-A916-44AB105B71BD}.Release|Any CPU.ActiveCfg = Release|Any CPU
		{A4AFD507-1668-49BD-A916-44AB105B71BD}.Release|Any CPU.Build.0 = Release|Any CPU
		{A4AFD507-1668-49BD-A916-44AB105B71BD}.Release|x64.ActiveCfg = Release|Any CPU
		{A4AFD507-1668-49BD-A916-44AB105B71BD}.Release|x64.Build.0 = Release|Any CPU
		{A4AFD507-1668-49BD-A916-44AB105B71BD}.Release|x86.ActiveCfg = Release|Any CPU
		{A4AFD507-1668-49BD-A916-44AB105B71BD}.Release|x86.Build.0 = Release|Any CPU
	EndGlobalSection
EndGlobal
