
Microsoft Visual Studio Solution File, Format Version 12.00
# Visual Studio Version 16
VisualStudioVersion = 16.0.30309.148
MinimumVisualStudioVersion = 10.0.40219.1
Project("{ACA65CBB-E3E7-4F46-A3D4-6F32423F4D23}") = "Azure.ResourceManager.Maps", "src\Azure.ResourceManager.Maps.csproj", "{9065339A-9FC6-4D86-813A-85135C6D730D}"
EndProject
Project("{ACA65CBB-E3E7-4F46-A3D4-6F32423F4D23}") = "Azure.ResourceManager.Maps.Tests", "tests\Azure.ResourceManager.Maps.Tests.csproj", "{D4DB2EA7-2128-49DD-B8FE-72685358CCDF}"
EndProject
Global
	GlobalSection(SolutionProperties) = preSolution
		HideSolutionNode = FALSE
	EndGlobalSection
	GlobalSection(ExtensibilityGlobals) = postSolution
		SolutionGuid = {20A9E4D3-0611-4D71-A2F1-4527F3B8F077}
	EndGlobalSection
	GlobalSection(SolutionConfigurationPlatforms) = preSolution
		Debug|Any CPU = Debug|Any CPU
		Debug|x64 = Debug|x64
		Debug|x86 = Debug|x86
		Release|Any CPU = Release|Any CPU
		Release|x64 = Release|x64
		Release|x86 = Release|x86
	EndGlobalSection
	GlobalSection(ProjectConfigurationPlatforms) = postSolution
		{9065339A-9FC6-4D86-813A-85135C6D730D}.Debug|Any CPU.ActiveCfg = Debug|Any CPU
		{9065339A-9FC6-4D86-813A-85135C6D730D}.Debug|Any CPU.Build.0 = Debug|Any CPU
		{9065339A-9FC6-4D86-813A-85135C6D730D}.Debug|x64.ActiveCfg = Debug|Any CPU
		{9065339A-9FC6-4D86-813A-85135C6D730D}.Debug|x64.Build.0 = Debug|Any CPU
		{9065339A-9FC6-4D86-813A-85135C6D730D}.Debug|x86.ActiveCfg = Debug|Any CPU
		{9065339A-9FC6-4D86-813A-85135C6D730D}.Debug|x86.Build.0 = Debug|Any CPU
		{9065339A-9FC6-4D86-813A-85135C6D730D}.Release|Any CPU.ActiveCfg = Release|Any CPU
		{9065339A-9FC6-4D86-813A-85135C6D730D}.Release|Any CPU.Build.0 = Release|Any CPU
		{9065339A-9FC6-4D86-813A-85135C6D730D}.Release|x64.ActiveCfg = Release|Any CPU
		{9065339A-9FC6-4D86-813A-85135C6D730D}.Release|x64.Build.0 = Release|Any CPU
		{9065339A-9FC6-4D86-813A-85135C6D730D}.Release|x86.ActiveCfg = Release|Any CPU
		{9065339A-9FC6-4D86-813A-85135C6D730D}.Release|x86.Build.0 = Release|Any CPU
		{D4DB2EA7-2128-49DD-B8FE-72685358CCDF}.Debug|Any CPU.ActiveCfg = Debug|Any CPU
		{D4DB2EA7-2128-49DD-B8FE-72685358CCDF}.Debug|Any CPU.Build.0 = Debug|Any CPU
		{D4DB2EA7-2128-49DD-B8FE-72685358CCDF}.Debug|x64.ActiveCfg = Debug|Any CPU
		{D4DB2EA7-2128-49DD-B8FE-72685358CCDF}.Debug|x64.Build.0 = Debug|Any CPU
		{D4DB2EA7-2128-49DD-B8FE-72685358CCDF}.Debug|x86.ActiveCfg = Debug|Any CPU
		{D4DB2EA7-2128-49DD-B8FE-72685358CCDF}.Debug|x86.Build.0 = Debug|Any CPU
		{D4DB2EA7-2128-49DD-B8FE-72685358CCDF}.Release|Any CPU.ActiveCfg = Release|Any CPU
		{D4DB2EA7-2128-49DD-B8FE-72685358CCDF}.Release|Any CPU.Build.0 = Release|Any CPU
		{D4DB2EA7-2128-49DD-B8FE-72685358CCDF}.Release|x64.ActiveCfg = Release|Any CPU
		{D4DB2EA7-2128-49DD-B8FE-72685358CCDF}.Release|x64.Build.0 = Release|Any CPU
		{D4DB2EA7-2128-49DD-B8FE-72685358CCDF}.Release|x86.ActiveCfg = Release|Any CPU
		{D4DB2EA7-2128-49DD-B8FE-72685358CCDF}.Release|x86.Build.0 = Release|Any CPU
	EndGlobalSection
EndGlobal
