
Microsoft Visual Studio Solution File, Format Version 12.00
# Visual Studio Version 16
VisualStudioVersion = 16.0.30309.148
MinimumVisualStudioVersion = 10.0.40219.1
Project("{875C06CD-8338-4E47-BA52-79DE25D1C74D}") = "Azure.ResourceManager.Marketplace", "src\Azure.ResourceManager.Marketplace.csproj", "{A1827A2E-399A-4A7F-9E9E-77ADADA75C7F}"
EndProject
Project("{875C06CD-8338-4E47-BA52-79DE25D1C74D}") = "Azure.ResourceManager.Marketplace.Tests", "tests\Azure.ResourceManager.Marketplace.Tests.csproj", "{5EDF85AB-7B0C-4BC7-B771-D4A64CFB1F53}"
EndProject
Global
	GlobalSection(SolutionProperties) = preSolution
		HideSolutionNode = FALSE
	EndGlobalSection
	GlobalSection(ExtensibilityGlobals) = postSolution
		SolutionGuid = {1A766377-BC4D-416B-9DAB-9BAF1C539BC9}
	EndGlobalSection
	GlobalSection(SolutionConfigurationPlatforms) = preSolution
		Debug|Any CPU = Debug|Any CPU
		Debug|x64 = Debug|x64
		Debug|x86 = Debug|x86
		Release|Any CPU = Release|Any CPU
		Release|x64 = Release|x64
		Release|x86 = Release|x86
	EndGlobalSection
	GlobalSection(ProjectConfigurationPlatforms) = postSolution
		{A1827A2E-399A-4A7F-9E9E-77ADADA75C7F}.Debug|Any CPU.ActiveCfg = Debug|Any CPU
		{A1827A2E-399A-4A7F-9E9E-77ADADA75C7F}.Debug|Any CPU.Build.0 = Debug|Any CPU
		{A1827A2E-399A-4A7F-9E9E-77ADADA75C7F}.Debug|x64.ActiveCfg = Debug|Any CPU
		{A1827A2E-399A-4A7F-9E9E-77ADADA75C7F}.Debug|x64.Build.0 = Debug|Any CPU
		{A1827A2E-399A-4A7F-9E9E-77ADADA75C7F}.Debug|x86.ActiveCfg = Debug|Any CPU
		{A1827A2E-399A-4A7F-9E9E-77ADADA75C7F}.Debug|x86.Build.0 = Debug|Any CPU
		{A1827A2E-399A-4A7F-9E9E-77ADADA75C7F}.Release|Any CPU.ActiveCfg = Release|Any CPU
		{A1827A2E-399A-4A7F-9E9E-77ADADA75C7F}.Release|Any CPU.Build.0 = Release|Any CPU
		{A1827A2E-399A-4A7F-9E9E-77ADADA75C7F}.Release|x64.ActiveCfg = Release|Any CPU
		{A1827A2E-399A-4A7F-9E9E-77ADADA75C7F}.Release|x64.Build.0 = Release|Any CPU
		{A1827A2E-399A-4A7F-9E9E-77ADADA75C7F}.Release|x86.ActiveCfg = Release|Any CPU
		{A1827A2E-399A-4A7F-9E9E-77ADADA75C7F}.Release|x86.Build.0 = Release|Any CPU
		{5EDF85AB-7B0C-4BC7-B771-D4A64CFB1F53}.Debug|Any CPU.ActiveCfg = Debug|Any CPU
		{5EDF85AB-7B0C-4BC7-B771-D4A64CFB1F53}.Debug|Any CPU.Build.0 = Debug|Any CPU
		{5EDF85AB-7B0C-4BC7-B771-D4A64CFB1F53}.Debug|x64.ActiveCfg = Debug|Any CPU
		{5EDF85AB-7B0C-4BC7-B771-D4A64CFB1F53}.Debug|x64.Build.0 = Debug|Any CPU
		{5EDF85AB-7B0C-4BC7-B771-D4A64CFB1F53}.Debug|x86.ActiveCfg = Debug|Any CPU
		{5EDF85AB-7B0C-4BC7-B771-D4A64CFB1F53}.Debug|x86.Build.0 = Debug|Any CPU
		{5EDF85AB-7B0C-4BC7-B771-D4A64CFB1F53}.Release|Any CPU.ActiveCfg = Release|Any CPU
		{5EDF85AB-7B0C-4BC7-B771-D4A64CFB1F53}.Release|Any CPU.Build.0 = Release|Any CPU
		{5EDF85AB-7B0C-4BC7-B771-D4A64CFB1F53}.Release|x64.ActiveCfg = Release|Any CPU
		{5EDF85AB-7B0C-4BC7-B771-D4A64CFB1F53}.Release|x64.Build.0 = Release|Any CPU
		{5EDF85AB-7B0C-4BC7-B771-D4A64CFB1F53}.Release|x86.ActiveCfg = Release|Any CPU
		{5EDF85AB-7B0C-4BC7-B771-D4A64CFB1F53}.Release|x86.Build.0 = Release|Any CPU
	EndGlobalSection
EndGlobal
