
Microsoft Visual Studio Solution File, Format Version 12.00
# Visual Studio Version 16
VisualStudioVersion = 16.0.30309.148
MinimumVisualStudioVersion = 10.0.40219.1
Project("{41FBCD9A-E2CC-456B-A28C-0A980CD5AA1B}") = "Azure.ResourceManager.Sqlvirtualmachine", "src\Azure.ResourceManager.Sqlvirtualmachine.csproj", "{DEFCCE67-A199-41B6-BAAF-01AE02870724}"
EndProject
Project("{41FBCD9A-E2CC-456B-A28C-0A980CD5AA1B}") = "Azure.ResourceManager.Sqlvirtualmachine.Tests", "tests\Azure.ResourceManager.Sqlvirtualmachine.Tests.csproj", "{8B7FCEA5-F694-4E84-94FF-B2EE18D368B3}"
EndProject
Global
	GlobalSection(SolutionProperties) = preSolution
		HideSolutionNode = FALSE
	EndGlobalSection
	GlobalSection(ExtensibilityGlobals) = postSolution
		SolutionGuid = {158AF6AC-4EBB-49A6-976E-501F6F97E79D}
	EndGlobalSection
	GlobalSection(SolutionConfigurationPlatforms) = preSolution
		Debug|Any CPU = Debug|Any CPU
		Debug|x64 = Debug|x64
		Debug|x86 = Debug|x86
		Release|Any CPU = Release|Any CPU
		Release|x64 = Release|x64
		Release|x86 = Release|x86
	EndGlobalSection
	GlobalSection(ProjectConfigurationPlatforms) = postSolution
		{DEFCCE67-A199-41B6-BAAF-01AE02870724}.Debug|Any CPU.ActiveCfg = Debug|Any CPU
		{DEFCCE67-A199-41B6-BAAF-01AE02870724}.Debug|Any CPU.Build.0 = Debug|Any CPU
		{DEFCCE67-A199-41B6-BAAF-01AE02870724}.Debug|x64.ActiveCfg = Debug|Any CPU
		{DEFCCE67-A199-41B6-BAAF-01AE02870724}.Debug|x64.Build.0 = Debug|Any CPU
		{DEFCCE67-A199-41B6-BAAF-01AE02870724}.Debug|x86.ActiveCfg = Debug|Any CPU
		{DEFCCE67-A199-41B6-BAAF-01AE02870724}.Debug|x86.Build.0 = Debug|Any CPU
		{DEFCCE67-A199-41B6-BAAF-01AE02870724}.Release|Any CPU.ActiveCfg = Release|Any CPU
		{DEFCCE67-A199-41B6-BAAF-01AE02870724}.Release|Any CPU.Build.0 = Release|Any CPU
		{DEFCCE67-A199-41B6-BAAF-01AE02870724}.Release|x64.ActiveCfg = Release|Any CPU
		{DEFCCE67-A199-41B6-BAAF-01AE02870724}.Release|x64.Build.0 = Release|Any CPU
		{DEFCCE67-A199-41B6-BAAF-01AE02870724}.Release|x86.ActiveCfg = Release|Any CPU
		{DEFCCE67-A199-41B6-BAAF-01AE02870724}.Release|x86.Build.0 = Release|Any CPU
		{8B7FCEA5-F694-4E84-94FF-B2EE18D368B3}.Debug|Any CPU.ActiveCfg = Debug|Any CPU
		{8B7FCEA5-F694-4E84-94FF-B2EE18D368B3}.Debug|Any CPU.Build.0 = Debug|Any CPU
		{8B7FCEA5-F694-4E84-94FF-B2EE18D368B3}.Debug|x64.ActiveCfg = Debug|Any CPU
		{8B7FCEA5-F694-4E84-94FF-B2EE18D368B3}.Debug|x64.Build.0 = Debug|Any CPU
		{8B7FCEA5-F694-4E84-94FF-B2EE18D368B3}.Debug|x86.ActiveCfg = Debug|Any CPU
		{8B7FCEA5-F694-4E84-94FF-B2EE18D368B3}.Debug|x86.Build.0 = Debug|Any CPU
		{8B7FCEA5-F694-4E84-94FF-B2EE18D368B3}.Release|Any CPU.ActiveCfg = Release|Any CPU
		{8B7FCEA5-F694-4E84-94FF-B2EE18D368B3}.Release|Any CPU.Build.0 = Release|Any CPU
		{8B7FCEA5-F694-4E84-94FF-B2EE18D368B3}.Release|x64.ActiveCfg = Release|Any CPU
		{8B7FCEA5-F694-4E84-94FF-B2EE18D368B3}.Release|x64.Build.0 = Release|Any CPU
		{8B7FCEA5-F694-4E84-94FF-B2EE18D368B3}.Release|x86.ActiveCfg = Release|Any CPU
		{8B7FCEA5-F694-4E84-94FF-B2EE18D368B3}.Release|x86.Build.0 = Release|Any CPU
	EndGlobalSection
EndGlobal
