
Microsoft Visual Studio Solution File, Format Version 12.00
# Visual Studio Version 16
VisualStudioVersion = 16.0.30309.148
MinimumVisualStudioVersion = 10.0.40219.1
Project("{1B64FC1E-C54B-4B05-B65E-6F00336CE8D9}") = "Azure.ResourceManager.Redis", "src\Azure.ResourceManager.Redis.csproj", "{2FB0167A-8986-4B64-9EED-702814B17A6C}"
EndProject
Project("{1B64FC1E-C54B-4B05-B65E-6F00336CE8D9}") = "Azure.ResourceManager.Redis.Tests", "tests\Azure.ResourceManager.Redis.Tests.csproj", "{515C0F2F-25A6-42B1-B27B-5103F362E9A5}"
EndProject
Global
	GlobalSection(SolutionProperties) = preSolution
		HideSolutionNode = FALSE
	EndGlobalSection
	GlobalSection(ExtensibilityGlobals) = postSolution
		SolutionGuid = {06BDAB78-4D5E-4F90-B701-609EFE65FD4A}
	EndGlobalSection
	GlobalSection(SolutionConfigurationPlatforms) = preSolution
		Debug|Any CPU = Debug|Any CPU
		Debug|x64 = Debug|x64
		Debug|x86 = Debug|x86
		Release|Any CPU = Release|Any CPU
		Release|x64 = Release|x64
		Release|x86 = Release|x86
	EndGlobalSection
	GlobalSection(ProjectConfigurationPlatforms) = postSolution
		{2FB0167A-8986-4B64-9EED-702814B17A6C}.Debug|Any CPU.ActiveCfg = Debug|Any CPU
		{2FB0167A-8986-4B64-9EED-702814B17A6C}.Debug|Any CPU.Build.0 = Debug|Any CPU
		{2FB0167A-8986-4B64-9EED-702814B17A6C}.Debug|x64.ActiveCfg = Debug|Any CPU
		{2FB0167A-8986-4B64-9EED-702814B17A6C}.Debug|x64.Build.0 = Debug|Any CPU
		{2FB0167A-8986-4B64-9EED-702814B17A6C}.Debug|x86.ActiveCfg = Debug|Any CPU
		{2FB0167A-8986-4B64-9EED-702814B17A6C}.Debug|x86.Build.0 = Debug|Any CPU
		{2FB0167A-8986-4B64-9EED-702814B17A6C}.Release|Any CPU.ActiveCfg = Release|Any CPU
		{2FB0167A-8986-4B64-9EED-702814B17A6C}.Release|Any CPU.Build.0 = Release|Any CPU
		{2FB0167A-8986-4B64-9EED-702814B17A6C}.Release|x64.ActiveCfg = Release|Any CPU
		{2FB0167A-8986-4B64-9EED-702814B17A6C}.Release|x64.Build.0 = Release|Any CPU
		{2FB0167A-8986-4B64-9EED-702814B17A6C}.Release|x86.ActiveCfg = Release|Any CPU
		{2FB0167A-8986-4B64-9EED-702814B17A6C}.Release|x86.Build.0 = Release|Any CPU
		{515C0F2F-25A6-42B1-B27B-5103F362E9A5}.Debug|Any CPU.ActiveCfg = Debug|Any CPU
		{515C0F2F-25A6-42B1-B27B-5103F362E9A5}.Debug|Any CPU.Build.0 = Debug|Any CPU
		{515C0F2F-25A6-42B1-B27B-5103F362E9A5}.Debug|x64.ActiveCfg = Debug|Any CPU
		{515C0F2F-25A6-42B1-B27B-5103F362E9A5}.Debug|x64.Build.0 = Debug|Any CPU
		{515C0F2F-25A6-42B1-B27B-5103F362E9A5}.Debug|x86.ActiveCfg = Debug|Any CPU
		{515C0F2F-25A6-42B1-B27B-5103F362E9A5}.Debug|x86.Build.0 = Debug|Any CPU
		{515C0F2F-25A6-42B1-B27B-5103F362E9A5}.Release|Any CPU.ActiveCfg = Release|Any CPU
		{515C0F2F-25A6-42B1-B27B-5103F362E9A5}.Release|Any CPU.Build.0 = Release|Any CPU
		{515C0F2F-25A6-42B1-B27B-5103F362E9A5}.Release|x64.ActiveCfg = Release|Any CPU
		{515C0F2F-25A6-42B1-B27B-5103F362E9A5}.Release|x64.Build.0 = Release|Any CPU
		{515C0F2F-25A6-42B1-B27B-5103F362E9A5}.Release|x86.ActiveCfg = Release|Any CPU
		{515C0F2F-25A6-42B1-B27B-5103F362E9A5}.Release|x86.Build.0 = Release|Any CPU
	EndGlobalSection
EndGlobal
